PODS:
  - CombineX/CXFoundation (0.3.2):
    - CombineX/Main
  - CombineX/CXLibc (0.3.2)
  - CombineX/CXNamespace (0.3.2)
  - CombineX/CXUtility (0.3.2)
  - CombineX/Main (0.3.2):
    - CombineX/CXLibc
    - CombineX/CXNamespace
    - CombineX/CXUtility

DEPENDENCIES:
  - CombineX/CXFoundation (from `../../../`)

EXTERNAL SOURCES:
  CombineX:
    :path: "../../../"

SPEC CHECKSUMS:
  CombineX: b53401095fde63464c26481ee7ef02be236e3735

PODFILE CHECKSUM: 3a29d190c4c632efb8197ec21c78a8e81ec206d6

COCOAPODS: 1.10.0
