// !$*UTF8*$!
{
	archiveVersion = 1;
	classes = {
	};
	objectVersion = 51;
	objects = {

/* Begin PBXBuildFile section */
		62125AD022BB3081005B57AE /* Typealias.swift in Sources */ = {isa = PBXBuildFile; fileRef = 62125ACF22BB3081005B57AE /* Typealias.swift */; };
		62125AD122BB3081005B57AE /* Typealias.swift in Sources */ = {isa = PBXBuildFile; fileRef = 62125ACF22BB3081005B57AE /* Typealias.swift */; };
		6229E64D22B720E1002CBEC2 /* AnyCancellableSpec.swift in Sources */ = {isa = PBXBuildFile; fileRef = 6229E64C22B720E1002CBEC2 /* AnyCancellableSpec.swift */; };
		6229E64E22B720E1002CBEC2 /* AnyCancellableSpec.swift in Sources */ = {isa = PBXBuildFile; fileRef = 6229E64C22B720E1002CBEC2 /* AnyCancellableSpec.swift */; };
		6229E65422B72319002CBEC2 /* CustomObject.swift in Sources */ = {isa = PBXBuildFile; fileRef = 6229E65322B72319002CBEC2 /* CustomObject.swift */; };
		6229E65522B72319002CBEC2 /* CustomObject.swift in Sources */ = {isa = PBXBuildFile; fileRef = 6229E65322B72319002CBEC2 /* CustomObject.swift */; };
		6229E65722B72969002CBEC2 /* AnySubscriberSpec.swift in Sources */ = {isa = PBXBuildFile; fileRef = 6229E65622B72969002CBEC2 /* AnySubscriberSpec.swift */; };
		6229E65822B72969002CBEC2 /* AnySubscriberSpec.swift in Sources */ = {isa = PBXBuildFile; fileRef = 6229E65622B72969002CBEC2 /* AnySubscriberSpec.swift */; };
		6229E65A22B729F1002CBEC2 /* CustomSubscription.swift in Sources */ = {isa = PBXBuildFile; fileRef = 6229E65922B729F1002CBEC2 /* CustomSubscription.swift */; };
		6229E65B22B729F1002CBEC2 /* CustomSubscription.swift in Sources */ = {isa = PBXBuildFile; fileRef = 6229E65922B729F1002CBEC2 /* CustomSubscription.swift */; };
		6229E65D22B72EA3002CBEC2 /* SubscriptionSpec.swift in Sources */ = {isa = PBXBuildFile; fileRef = 6229E65C22B72EA3002CBEC2 /* SubscriptionSpec.swift */; };
		6229E65E22B72EA3002CBEC2 /* SubscriptionSpec.swift in Sources */ = {isa = PBXBuildFile; fileRef = 6229E65C22B72EA3002CBEC2 /* SubscriptionSpec.swift */; };
		6229E66022B72F04002CBEC2 /* DeinitObserver.swift in Sources */ = {isa = PBXBuildFile; fileRef = 6229E65F22B72F04002CBEC2 /* DeinitObserver.swift */; };
		6229E66122B72F04002CBEC2 /* DeinitObserver.swift in Sources */ = {isa = PBXBuildFile; fileRef = 6229E65F22B72F04002CBEC2 /* DeinitObserver.swift */; };
		6229E66822B7385A002CBEC2 /* PassthroughSubjectSpec.swift in Sources */ = {isa = PBXBuildFile; fileRef = 6229E66722B7385A002CBEC2 /* PassthroughSubjectSpec.swift */; };
		6229E66922B7385A002CBEC2 /* PassthroughSubjectSpec.swift in Sources */ = {isa = PBXBuildFile; fileRef = 6229E66722B7385A002CBEC2 /* PassthroughSubjectSpec.swift */; };
		625EC8B222B8AD3B006DB4D5 /* CurrentValueSubjectSpec.swift in Sources */ = {isa = PBXBuildFile; fileRef = 625EC8B122B8AD3B006DB4D5 /* CurrentValueSubjectSpec.swift */; };
		625EC8B322B8AD3B006DB4D5 /* CurrentValueSubjectSpec.swift in Sources */ = {isa = PBXBuildFile; fileRef = 625EC8B122B8AD3B006DB4D5 /* CurrentValueSubjectSpec.swift */; };
		625EC8B922B8B32A006DB4D5 /* DemandSpec.swift in Sources */ = {isa = PBXBuildFile; fileRef = 625EC8B822B8B32A006DB4D5 /* DemandSpec.swift */; };
		625EC8BA22B8B32A006DB4D5 /* DemandSpec.swift in Sources */ = {isa = PBXBuildFile; fileRef = 625EC8B822B8B32A006DB4D5 /* DemandSpec.swift */; };
		625EC8BD22B8D5CE006DB4D5 /* OnceSpec.swift in Sources */ = {isa = PBXBuildFile; fileRef = 625EC8BC22B8D5CE006DB4D5 /* OnceSpec.swift */; };
		625EC8BE22B8D5CE006DB4D5 /* OnceSpec.swift in Sources */ = {isa = PBXBuildFile; fileRef = 625EC8BC22B8D5CE006DB4D5 /* OnceSpec.swift */; };
		625EC8C422B8D8F5006DB4D5 /* SequenceSpec.swift in Sources */ = {isa = PBXBuildFile; fileRef = 625EC8C322B8D8F5006DB4D5 /* SequenceSpec.swift */; };
		625EC8C522B8D8F5006DB4D5 /* SequenceSpec.swift in Sources */ = {isa = PBXBuildFile; fileRef = 625EC8C322B8D8F5006DB4D5 /* SequenceSpec.swift */; };
		6279183A22B77EAC00203B96 /* EmptySpec.swift in Sources */ = {isa = PBXBuildFile; fileRef = 6279183922B77EAC00203B96 /* EmptySpec.swift */; };
		6279183B22B77EAC00203B96 /* EmptySpec.swift in Sources */ = {isa = PBXBuildFile; fileRef = 6279183922B77EAC00203B96 /* EmptySpec.swift */; };
		6279184122B77FE600203B96 /* MapSpec.swift in Sources */ = {isa = PBXBuildFile; fileRef = 6279184022B77FE600203B96 /* MapSpec.swift */; };
		6279184222B77FE600203B96 /* MapSpec.swift in Sources */ = {isa = PBXBuildFile; fileRef = 6279184022B77FE600203B96 /* MapSpec.swift */; };
		62A4A4FB22B87371009AD6FE /* CustomError.swift in Sources */ = {isa = PBXBuildFile; fileRef = 62A4A4FA22B87371009AD6FE /* CustomError.swift */; };
		62A4A4FC22B87371009AD6FE /* CustomError.swift in Sources */ = {isa = PBXBuildFile; fileRef = 62A4A4FA22B87371009AD6FE /* CustomError.swift */; };
		62B3D8B822B755FB001FA5FE /* AssignSpec.swift in Sources */ = {isa = PBXBuildFile; fileRef = 62B3D8B722B755FB001FA5FE /* AssignSpec.swift */; };
		62B3D8B922B755FB001FA5FE /* AssignSpec.swift in Sources */ = {isa = PBXBuildFile; fileRef = 62B3D8B722B755FB001FA5FE /* AssignSpec.swift */; };
		62B3D8BF22B757A4001FA5FE /* CustomSubsciber.swift in Sources */ = {isa = PBXBuildFile; fileRef = 62B3D8BE22B757A4001FA5FE /* CustomSubsciber.swift */; };
		62B3D8C022B757A4001FA5FE /* CustomSubsciber.swift in Sources */ = {isa = PBXBuildFile; fileRef = 62B3D8BE22B757A4001FA5FE /* CustomSubsciber.swift */; };
		6615FECD22BA8C5A000201AF /* CombineIdentifierSpec.swift in Sources */ = {isa = PBXBuildFile; fileRef = 6615FECC22BA8C5A000201AF /* CombineIdentifierSpec.swift */; };
		6615FECE22BA8C5A000201AF /* CombineIdentifierSpec.swift in Sources */ = {isa = PBXBuildFile; fileRef = 6615FECC22BA8C5A000201AF /* CombineIdentifierSpec.swift */; };
		66312FAE22B665620081D8F1 /* AppDelegate.swift in Sources */ = {isa = PBXBuildFile; fileRef = 66312FAD22B665620081D8F1 /* AppDelegate.swift */; };
		66312FB022B665620081D8F1 /* SceneDelegate.swift in Sources */ = {isa = PBXBuildFile; fileRef = 66312FAF22B665620081D8F1 /* SceneDelegate.swift */; };
		66312FB222B665620081D8F1 /* ViewController.swift in Sources */ = {isa = PBXBuildFile; fileRef = 66312FB122B665620081D8F1 /* ViewController.swift */; };
		66312FB522B665620081D8F1 /* Main.storyboard in Resources */ = {isa = PBXBuildFile; fileRef = 66312FB322B665620081D8F1 /* Main.storyboard */; };
		66312FB722B665630081D8F1 /* Assets.xcassets in Resources */ = {isa = PBXBuildFile; fileRef = 66312FB622B665630081D8F1 /* Assets.xcassets */; };
		66312FBA22B665630081D8F1 /* LaunchScreen.storyboard in Resources */ = {isa = PBXBuildFile; fileRef = 66312FB822B665630081D8F1 /* LaunchScreen.storyboard */; };
		66312FD122B665AC0081D8F1 /* JustSpec.swift in Sources */ = {isa = PBXBuildFile; fileRef = 66312FD022B665AC0081D8F1 /* JustSpec.swift */; };
		66312FE422B66ACF0081D8F1 /* CombineX.framework in Frameworks */ = {isa = PBXBuildFile; fileRef = 66312FDE22B66AC70081D8F1 /* CombineX.framework */; };
		66312FE522B66ACF0081D8F1 /* CombineX.framework in Embed Frameworks */ = {isa = PBXBuildFile; fileRef = 66312FDE22B66AC70081D8F1 /* CombineX.framework */; settings = {ATTRIBUTES = (CodeSignOnCopy, RemoveHeadersOnCopy, ); }; };
		6631302A22B691C80081D8F1 /* Extensions.swift in Sources */ = {isa = PBXBuildFile; fileRef = 6631302922B691C80081D8F1 /* Extensions.swift */; };
		6631303322B6937D0081D8F1 /* AppDelegate.swift in Sources */ = {isa = PBXBuildFile; fileRef = 6631303222B6937D0081D8F1 /* AppDelegate.swift */; };
		6631303522B6937D0081D8F1 /* SceneDelegate.swift in Sources */ = {isa = PBXBuildFile; fileRef = 6631303422B6937D0081D8F1 /* SceneDelegate.swift */; };
		6631303722B6937D0081D8F1 /* ViewController.swift in Sources */ = {isa = PBXBuildFile; fileRef = 6631303622B6937D0081D8F1 /* ViewController.swift */; };
		6631303A22B6937D0081D8F1 /* Main.storyboard in Resources */ = {isa = PBXBuildFile; fileRef = 6631303822B6937D0081D8F1 /* Main.storyboard */; };
		6631303C22B6937D0081D8F1 /* Assets.xcassets in Resources */ = {isa = PBXBuildFile; fileRef = 6631303B22B6937D0081D8F1 /* Assets.xcassets */; };
		6631303F22B6937D0081D8F1 /* LaunchScreen.storyboard in Resources */ = {isa = PBXBuildFile; fileRef = 6631303D22B6937D0081D8F1 /* LaunchScreen.storyboard */; };
		6631305222B693900081D8F1 /* JustSpec.swift in Sources */ = {isa = PBXBuildFile; fileRef = 66312FD022B665AC0081D8F1 /* JustSpec.swift */; };
		6631305322B693940081D8F1 /* Extensions.swift in Sources */ = {isa = PBXBuildFile; fileRef = 6631302922B691C80081D8F1 /* Extensions.swift */; };
		6631305622B695180081D8F1 /* SinkSpec.swift in Sources */ = {isa = PBXBuildFile; fileRef = 6631305522B695180081D8F1 /* SinkSpec.swift */; };
		6631305722B6951B0081D8F1 /* SinkSpec.swift in Sources */ = {isa = PBXBuildFile; fileRef = 6631305522B695180081D8F1 /* SinkSpec.swift */; };
		66D3860022B9271F001B8189 /* FlatMapSpec.swift in Sources */ = {isa = PBXBuildFile; fileRef = 66D385FF22B9271F001B8189 /* FlatMapSpec.swift */; };
		66D3860122B9271F001B8189 /* FlatMapSpec.swift in Sources */ = {isa = PBXBuildFile; fileRef = 66D385FF22B9271F001B8189 /* FlatMapSpec.swift */; };
		6FD9C901B3AA166FA2937252 /* Pods_SpecsTests.framework in Frameworks */ = {isa = PBXBuildFile; fileRef = 24866D1AB0596539DB204DCB /* Pods_SpecsTests.framework */; };
		897B49E716F0F14515D9B3CF /* Pods_CombineSpecs.framework in Frameworks */ = {isa = PBXBuildFile; fileRef = F9AB60F1DA67F466B7C0070A /* Pods_CombineSpecs.framework */; };
		8B016D4C43A5B80331C9D8AA /* Pods_CombineSpecsTests.framework in Frameworks */ = {isa = PBXBuildFile; fileRef = C228C90D57DA6ECB21071B4A /* Pods_CombineSpecsTests.framework */; };
		D07A723C48CA1EEEB3BDE3CE /* Pods_Specs.framework in Frameworks */ = {isa = PBXBuildFile; fileRef = FC357DE3DB3482D3707F76FA /* Pods_Specs.framework */; };
/* End PBXBuildFile section */

/* Begin PBXContainerItemProxy section */
		66312FC122B665630081D8F1 /* PBXContainerItemProxy */ = {
			isa = PBXContainerItemProxy;
			containerPortal = 66312FA222B665620081D8F1 /* Project object */;
			proxyType = 1;
			remoteGlobalIDString = 66312FA922B665620081D8F1;
			remoteInfo = Specs;
		};
		66312FDD22B66AC70081D8F1 /* PBXContainerItemProxy */ = {
			isa = PBXContainerItemProxy;
			containerPortal = 66312FD622B66AC70081D8F1 /* CombineX.xcodeproj */;
			proxyType = 2;
			remoteGlobalIDString = "CombineX::CombineX::Product";
			remoteInfo = CombineX;
		};
		66312FDF22B66AC70081D8F1 /* PBXContainerItemProxy */ = {
			isa = PBXContainerItemProxy;
			containerPortal = 66312FD622B66AC70081D8F1 /* CombineX.xcodeproj */;
			proxyType = 2;
			remoteGlobalIDString = "CombineX::CombineXTests::Product";
			remoteInfo = CombineXTests;
		};
		6631304622B6937E0081D8F1 /* PBXContainerItemProxy */ = {
			isa = PBXContainerItemProxy;
			containerPortal = 66312FA222B665620081D8F1 /* Project object */;
			proxyType = 1;
			remoteGlobalIDString = 6631302F22B6937D0081D8F1;
			remoteInfo = CombineSpecs;
		};
/* End PBXContainerItemProxy section */

/* Begin PBXCopyFilesBuildPhase section */
		66312FE622B66ACF0081D8F1 /* Embed Frameworks */ = {
			isa = PBXCopyFilesBuildPhase;
			buildActionMask = 2147483647;
			dstPath = "";
			dstSubfolderSpec = 10;
			files = (
				66312FE522B66ACF0081D8F1 /* CombineX.framework in Embed Frameworks */,
			);
			name = "Embed Frameworks";
			runOnlyForDeploymentPostprocessing = 0;
		};
/* End PBXCopyFilesBuildPhase section */

/* Begin PBXFileReference section */
		006978E4D716DF2FA5196A57 /* Pods-Specs.release.xcconfig */ = {isa = PBXFileReference; includeInIndex = 1; lastKnownFileType = text.xcconfig; name = "Pods-Specs.release.xcconfig"; path = "Target Support Files/Pods-Specs/Pods-Specs.release.xcconfig"; sourceTree = "<group>"; };
		1B1FB4D6EB31D6D3F7200E16 /* Pods-CombineSpecs.debug.xcconfig */ = {isa = PBXFileReference; includeInIndex = 1; lastKnownFileType = text.xcconfig; name = "Pods-CombineSpecs.debug.xcconfig"; path = "Target Support Files/Pods-CombineSpecs/Pods-CombineSpecs.debug.xcconfig"; sourceTree = "<group>"; };
		24866D1AB0596539DB204DCB /* Pods_SpecsTests.framework */ = {isa = PBXFileReference; explicitFileType = wrapper.framework; includeInIndex = 0; path = Pods_SpecsTests.framework; sourceTree = BUILT_PRODUCTS_DIR; };
		56797039B4CBC89F01ABD727 /* Pods-Specs.debug.xcconfig */ = {isa = PBXFileReference; includeInIndex = 1; lastKnownFileType = text.xcconfig; name = "Pods-Specs.debug.xcconfig"; path = "Target Support Files/Pods-Specs/Pods-Specs.debug.xcconfig"; sourceTree = "<group>"; };
		62125ACF22BB3081005B57AE /* Typealias.swift */ = {isa = PBXFileReference; lastKnownFileType = sourcecode.swift; path = Typealias.swift; sourceTree = "<group>"; };
		62125AD722BB9269005B57AE /* Specs.playground */ = {isa = PBXFileReference; lastKnownFileType = file.playground; path = Specs.playground; sourceTree = "<group>"; xcLanguageSpecificationIdentifier = xcode.lang.swift; };
		62125AD822BB9336005B57AE /* Combine.playground */ = {isa = PBXFileReference; lastKnownFileType = file.playground; path = Combine.playground; sourceTree = "<group>"; xcLanguageSpecificationIdentifier = xcode.lang.swift; };
		6229E64C22B720E1002CBEC2 /* AnyCancellableSpec.swift */ = {isa = PBXFileReference; lastKnownFileType = sourcecode.swift; path = AnyCancellableSpec.swift; sourceTree = "<group>"; };
		6229E65322B72319002CBEC2 /* CustomObject.swift */ = {isa = PBXFileReference; lastKnownFileType = sourcecode.swift; path = CustomObject.swift; sourceTree = "<group>"; };
		6229E65622B72969002CBEC2 /* AnySubscriberSpec.swift */ = {isa = PBXFileReference; lastKnownFileType = sourcecode.swift; path = AnySubscriberSpec.swift; sourceTree = "<group>"; };
		6229E65922B729F1002CBEC2 /* CustomSubscription.swift */ = {isa = PBXFileReference; lastKnownFileType = sourcecode.swift; path = CustomSubscription.swift; sourceTree = "<group>"; };
		6229E65C22B72EA3002CBEC2 /* SubscriptionSpec.swift */ = {isa = PBXFileReference; lastKnownFileType = sourcecode.swift; path = SubscriptionSpec.swift; sourceTree = "<group>"; };
		6229E65F22B72F04002CBEC2 /* DeinitObserver.swift */ = {isa = PBXFileReference; lastKnownFileType = sourcecode.swift; path = DeinitObserver.swift; sourceTree = "<group>"; };
		6229E66722B7385A002CBEC2 /* PassthroughSubjectSpec.swift */ = {isa = PBXFileReference; lastKnownFileType = sourcecode.swift; path = PassthroughSubjectSpec.swift; sourceTree = "<group>"; };
		625EC8B122B8AD3B006DB4D5 /* CurrentValueSubjectSpec.swift */ = {isa = PBXFileReference; lastKnownFileType = sourcecode.swift; path = CurrentValueSubjectSpec.swift; sourceTree = "<group>"; };
		625EC8B822B8B32A006DB4D5 /* DemandSpec.swift */ = {isa = PBXFileReference; lastKnownFileType = sourcecode.swift; path = DemandSpec.swift; sourceTree = "<group>"; };
		625EC8BC22B8D5CE006DB4D5 /* OnceSpec.swift */ = {isa = PBXFileReference; lastKnownFileType = sourcecode.swift; path = OnceSpec.swift; sourceTree = "<group>"; };
		625EC8C322B8D8F5006DB4D5 /* SequenceSpec.swift */ = {isa = PBXFileReference; lastKnownFileType = sourcecode.swift; path = SequenceSpec.swift; sourceTree = "<group>"; };
		6279183922B77EAC00203B96 /* EmptySpec.swift */ = {isa = PBXFileReference; lastKnownFileType = sourcecode.swift; path = EmptySpec.swift; sourceTree = "<group>"; };
		6279184022B77FE600203B96 /* MapSpec.swift */ = {isa = PBXFileReference; lastKnownFileType = sourcecode.swift; path = MapSpec.swift; sourceTree = "<group>"; };
		62A4A4FA22B87371009AD6FE /* CustomError.swift */ = {isa = PBXFileReference; lastKnownFileType = sourcecode.swift; path = CustomError.swift; sourceTree = "<group>"; };
		62B3D8B722B755FB001FA5FE /* AssignSpec.swift */ = {isa = PBXFileReference; lastKnownFileType = sourcecode.swift; path = AssignSpec.swift; sourceTree = "<group>"; };
		62B3D8BE22B757A4001FA5FE /* CustomSubsciber.swift */ = {isa = PBXFileReference; lastKnownFileType = sourcecode.swift; path = CustomSubsciber.swift; sourceTree = "<group>"; };
		6615FECC22BA8C5A000201AF /* CombineIdentifierSpec.swift */ = {isa = PBXFileReference; lastKnownFileType = sourcecode.swift; path = CombineIdentifierSpec.swift; sourceTree = "<group>"; };
		66312FAA22B665620081D8F1 /* Specs.app */ = {isa = PBXFileReference; explicitFileType = wrapper.application; includeInIndex = 0; path = Specs.app; sourceTree = BUILT_PRODUCTS_DIR; };
		66312FAD22B665620081D8F1 /* AppDelegate.swift */ = {isa = PBXFileReference; lastKnownFileType = sourcecode.swift; path = AppDelegate.swift; sourceTree = "<group>"; };
		66312FAF22B665620081D8F1 /* SceneDelegate.swift */ = {isa = PBXFileReference; lastKnownFileType = sourcecode.swift; path = SceneDelegate.swift; sourceTree = "<group>"; };
		66312FB122B665620081D8F1 /* ViewController.swift */ = {isa = PBXFileReference; lastKnownFileType = sourcecode.swift; path = ViewController.swift; sourceTree = "<group>"; };
		66312FB422B665620081D8F1 /* Base */ = {isa = PBXFileReference; lastKnownFileType = file.storyboard; name = Base; path = Base.lproj/Main.storyboard; sourceTree = "<group>"; };
		66312FB622B665630081D8F1 /* Assets.xcassets */ = {isa = PBXFileReference; lastKnownFileType = folder.assetcatalog; path = Assets.xcassets; sourceTree = "<group>"; };
		66312FB922B665630081D8F1 /* Base */ = {isa = PBXFileReference; lastKnownFileType = file.storyboard; name = Base; path = Base.lproj/LaunchScreen.storyboard; sourceTree = "<group>"; };
		66312FBB22B665630081D8F1 /* Info.plist */ = {isa = PBXFileReference; lastKnownFileType = text.plist.xml; path = Info.plist; sourceTree = "<group>"; };
		66312FC022B665630081D8F1 /* SpecsTests.xctest */ = {isa = PBXFileReference; explicitFileType = wrapper.cfbundle; includeInIndex = 0; path = SpecsTests.xctest; sourceTree = BUILT_PRODUCTS_DIR; };
		66312FC622B665630081D8F1 /* Info.plist */ = {isa = PBXFileReference; lastKnownFileType = text.plist.xml; path = Info.plist; sourceTree = "<group>"; };
		66312FD022B665AC0081D8F1 /* JustSpec.swift */ = {isa = PBXFileReference; lastKnownFileType = sourcecode.swift; path = JustSpec.swift; sourceTree = "<group>"; };
		66312FD622B66AC70081D8F1 /* CombineX.xcodeproj */ = {isa = PBXFileReference; lastKnownFileType = "wrapper.pb-project"; name = CombineX.xcodeproj; path = ../CombineX.xcodeproj; sourceTree = "<group>"; };
		6631302922B691C80081D8F1 /* Extensions.swift */ = {isa = PBXFileReference; lastKnownFileType = sourcecode.swift; path = Extensions.swift; sourceTree = "<group>"; };
		6631303022B6937D0081D8F1 /* CombineSpecs.app */ = {isa = PBXFileReference; explicitFileType = wrapper.application; includeInIndex = 0; path = CombineSpecs.app; sourceTree = BUILT_PRODUCTS_DIR; };
		6631303222B6937D0081D8F1 /* AppDelegate.swift */ = {isa = PBXFileReference; lastKnownFileType = sourcecode.swift; path = AppDelegate.swift; sourceTree = "<group>"; };
		6631303422B6937D0081D8F1 /* SceneDelegate.swift */ = {isa = PBXFileReference; lastKnownFileType = sourcecode.swift; path = SceneDelegate.swift; sourceTree = "<group>"; };
		6631303622B6937D0081D8F1 /* ViewController.swift */ = {isa = PBXFileReference; lastKnownFileType = sourcecode.swift; path = ViewController.swift; sourceTree = "<group>"; };
		6631303922B6937D0081D8F1 /* Base */ = {isa = PBXFileReference; lastKnownFileType = file.storyboard; name = Base; path = Base.lproj/Main.storyboard; sourceTree = "<group>"; };
		6631303B22B6937D0081D8F1 /* Assets.xcassets */ = {isa = PBXFileReference; lastKnownFileType = folder.assetcatalog; path = Assets.xcassets; sourceTree = "<group>"; };
		6631303E22B6937D0081D8F1 /* Base */ = {isa = PBXFileReference; lastKnownFileType = file.storyboard; name = Base; path = Base.lproj/LaunchScreen.storyboard; sourceTree = "<group>"; };
		6631304022B6937D0081D8F1 /* Info.plist */ = {isa = PBXFileReference; lastKnownFileType = text.plist.xml; path = Info.plist; sourceTree = "<group>"; };
		6631304522B6937D0081D8F1 /* CombineSpecsTests.xctest */ = {isa = PBXFileReference; explicitFileType = wrapper.cfbundle; includeInIndex = 0; path = CombineSpecsTests.xctest; sourceTree = BUILT_PRODUCTS_DIR; };
		6631304B22B6937E0081D8F1 /* Info.plist */ = {isa = PBXFileReference; lastKnownFileType = text.plist.xml; path = Info.plist; sourceTree = "<group>"; };
		6631305522B695180081D8F1 /* SinkSpec.swift */ = {isa = PBXFileReference; lastKnownFileType = sourcecode.swift; path = SinkSpec.swift; sourceTree = "<group>"; };
		66D385FF22B9271F001B8189 /* FlatMapSpec.swift */ = {isa = PBXFileReference; lastKnownFileType = sourcecode.swift; path = FlatMapSpec.swift; sourceTree = "<group>"; };
		6CD07364997FE5C6A344A2ED /* Pods-SpecsTests.debug.xcconfig */ = {isa = PBXFileReference; includeInIndex = 1; lastKnownFileType = text.xcconfig; name = "Pods-SpecsTests.debug.xcconfig"; path = "Target Support Files/Pods-SpecsTests/Pods-SpecsTests.debug.xcconfig"; sourceTree = "<group>"; };
		94B491DECCDD99EA758CC848 /* Pods-CombineSpecs.release.xcconfig */ = {isa = PBXFileReference; includeInIndex = 1; lastKnownFileType = text.xcconfig; name = "Pods-CombineSpecs.release.xcconfig"; path = "Target Support Files/Pods-CombineSpecs/Pods-CombineSpecs.release.xcconfig"; sourceTree = "<group>"; };
		B1268EB63E33C32D474D9487 /* Pods-CombineSpecsTests.debug.xcconfig */ = {isa = PBXFileReference; includeInIndex = 1; lastKnownFileType = text.xcconfig; name = "Pods-CombineSpecsTests.debug.xcconfig"; path = "Target Support Files/Pods-CombineSpecsTests/Pods-CombineSpecsTests.debug.xcconfig"; sourceTree = "<group>"; };
		C228C90D57DA6ECB21071B4A /* Pods_CombineSpecsTests.framework */ = {isa = PBXFileReference; explicitFileType = wrapper.framework; includeInIndex = 0; path = Pods_CombineSpecsTests.framework; sourceTree = BUILT_PRODUCTS_DIR; };
		D50490928A9621FD4365C605 /* Pods-SpecsTests.release.xcconfig */ = {isa = PBXFileReference; includeInIndex = 1; lastKnownFileType = text.xcconfig; name = "Pods-SpecsTests.release.xcconfig"; path = "Target Support Files/Pods-SpecsTests/Pods-SpecsTests.release.xcconfig"; sourceTree = "<group>"; };
		E8B0F44FBF0B9AB2C759258D /* Pods-CombineSpecsTests.release.xcconfig */ = {isa = PBXFileReference; includeInIndex = 1; lastKnownFileType = text.xcconfig; name = "Pods-CombineSpecsTests.release.xcconfig"; path = "Target Support Files/Pods-CombineSpecsTests/Pods-CombineSpecsTests.release.xcconfig"; sourceTree = "<group>"; };
		F9AB60F1DA67F466B7C0070A /* Pods_CombineSpecs.framework */ = {isa = PBXFileReference; explicitFileType = wrapper.framework; includeInIndex = 0; path = Pods_CombineSpecs.framework; sourceTree = BUILT_PRODUCTS_DIR; };
		FC357DE3DB3482D3707F76FA /* Pods_Specs.framework */ = {isa = PBXFileReference; explicitFileType = wrapper.framework; includeInIndex = 0; path = Pods_Specs.framework; sourceTree = BUILT_PRODUCTS_DIR; };
/* End PBXFileReference section */

/* Begin PBXFrameworksBuildPhase section */
		66312FA722B665620081D8F1 /* Frameworks */ = {
			isa = PBXFrameworksBuildPhase;
			buildActionMask = 2147483647;
			files = (
				66312FE422B66ACF0081D8F1 /* CombineX.framework in Frameworks */,
				D07A723C48CA1EEEB3BDE3CE /* Pods_Specs.framework in Frameworks */,
			);
			runOnlyForDeploymentPostprocessing = 0;
		};
		66312FBD22B665630081D8F1 /* Frameworks */ = {
			isa = PBXFrameworksBuildPhase;
			buildActionMask = 2147483647;
			files = (
				6FD9C901B3AA166FA2937252 /* Pods_SpecsTests.framework in Frameworks */,
			);
			runOnlyForDeploymentPostprocessing = 0;
		};
		6631302D22B6937D0081D8F1 /* Frameworks */ = {
			isa = PBXFrameworksBuildPhase;
			buildActionMask = 2147483647;
			files = (
				897B49E716F0F14515D9B3CF /* Pods_CombineSpecs.framework in Frameworks */,
			);
			runOnlyForDeploymentPostprocessing = 0;
		};
		6631304222B6937D0081D8F1 /* Frameworks */ = {
			isa = PBXFrameworksBuildPhase;
			buildActionMask = 2147483647;
			files = (
				8B016D4C43A5B80331C9D8AA /* Pods_CombineSpecsTests.framework in Frameworks */,
			);
			runOnlyForDeploymentPostprocessing = 0;
		};
/* End PBXFrameworksBuildPhase section */

/* Begin PBXGroup section */
		6229E66622B7384A002CBEC2 /* Subjects */ = {
			isa = PBXGroup;
			children = (
				6229E66722B7385A002CBEC2 /* PassthroughSubjectSpec.swift */,
				625EC8B122B8AD3B006DB4D5 /* CurrentValueSubjectSpec.swift */,
			);
			path = Subjects;
			sourceTree = "<group>";
		};
		66312FA122B665620081D8F1 = {
			isa = PBXGroup;
			children = (
				62125AD822BB9336005B57AE /* Combine.playground */,
				62125AD722BB9269005B57AE /* Specs.playground */,
				66312FD622B66AC70081D8F1 /* CombineX.xcodeproj */,
				66312FAC22B665620081D8F1 /* Specs */,
				66312FC322B665630081D8F1 /* SpecsTests */,
				6631303122B6937D0081D8F1 /* CombineSpecs */,
				6631304822B6937E0081D8F1 /* CombineSpecsTests */,
				66312FAB22B665620081D8F1 /* Products */,
				66312FE322B66ACF0081D8F1 /* Frameworks */,
				DEF22B02C2C11E1EB82B2876 /* Pods */,
			);
			sourceTree = "<group>";
		};
		66312FAB22B665620081D8F1 /* Products */ = {
			isa = PBXGroup;
			children = (
				66312FAA22B665620081D8F1 /* Specs.app */,
				66312FC022B665630081D8F1 /* SpecsTests.xctest */,
				6631303022B6937D0081D8F1 /* CombineSpecs.app */,
				6631304522B6937D0081D8F1 /* CombineSpecsTests.xctest */,
			);
			name = Products;
			sourceTree = "<group>";
		};
		66312FAC22B665620081D8F1 /* Specs */ = {
			isa = PBXGroup;
			children = (
				66312FAD22B665620081D8F1 /* AppDelegate.swift */,
				66312FAF22B665620081D8F1 /* SceneDelegate.swift */,
				66312FB122B665620081D8F1 /* ViewController.swift */,
				66312FB322B665620081D8F1 /* Main.storyboard */,
				66312FB622B665630081D8F1 /* Assets.xcassets */,
				66312FB822B665630081D8F1 /* LaunchScreen.storyboard */,
				66312FBB22B665630081D8F1 /* Info.plist */,
			);
			path = Specs;
			sourceTree = "<group>";
		};
		66312FC322B665630081D8F1 /* SpecsTests */ = {
			isa = PBXGroup;
			children = (
				66312FC622B665630081D8F1 /* Info.plist */,
				6229E64C22B720E1002CBEC2 /* AnyCancellableSpec.swift */,
				6229E65622B72969002CBEC2 /* AnySubscriberSpec.swift */,
				625EC8B822B8B32A006DB4D5 /* DemandSpec.swift */,
				6229E65C22B72EA3002CBEC2 /* SubscriptionSpec.swift */,
				6631302822B691AA0081D8F1 /* Helpers */,
				66312FCF22B6659F0081D8F1 /* Publishers */,
				6229E66622B7384A002CBEC2 /* Subjects */,
				6631305422B695080081D8F1 /* Subscribers */,
				6615FECC22BA8C5A000201AF /* CombineIdentifierSpec.swift */,
			);
			path = SpecsTests;
			sourceTree = "<group>";
		};
		66312FCF22B6659F0081D8F1 /* Publishers */ = {
			isa = PBXGroup;
			children = (
				66312FD022B665AC0081D8F1 /* JustSpec.swift */,
				6279183922B77EAC00203B96 /* EmptySpec.swift */,
				6279184022B77FE600203B96 /* MapSpec.swift */,
				625EC8BC22B8D5CE006DB4D5 /* OnceSpec.swift */,
				625EC8C322B8D8F5006DB4D5 /* SequenceSpec.swift */,
				66D385FF22B9271F001B8189 /* FlatMapSpec.swift */,
			);
			path = Publishers;
			sourceTree = "<group>";
		};
		66312FD722B66AC70081D8F1 /* Products */ = {
			isa = PBXGroup;
			children = (
				66312FDE22B66AC70081D8F1 /* CombineX.framework */,
				66312FE022B66AC70081D8F1 /* CombineXTests.xctest */,
			);
			name = Products;
			sourceTree = "<group>";
		};
		66312FE322B66ACF0081D8F1 /* Frameworks */ = {
			isa = PBXGroup;
			children = (
				F9AB60F1DA67F466B7C0070A /* Pods_CombineSpecs.framework */,
				C228C90D57DA6ECB21071B4A /* Pods_CombineSpecsTests.framework */,
				FC357DE3DB3482D3707F76FA /* Pods_Specs.framework */,
				24866D1AB0596539DB204DCB /* Pods_SpecsTests.framework */,
			);
			name = Frameworks;
			sourceTree = "<group>";
		};
		6631302822B691AA0081D8F1 /* Helpers */ = {
			isa = PBXGroup;
			children = (
				6631302922B691C80081D8F1 /* Extensions.swift */,
				6229E65322B72319002CBEC2 /* CustomObject.swift */,
				6229E65922B729F1002CBEC2 /* CustomSubscription.swift */,
				6229E65F22B72F04002CBEC2 /* DeinitObserver.swift */,
				62B3D8BE22B757A4001FA5FE /* CustomSubsciber.swift */,
				62A4A4FA22B87371009AD6FE /* CustomError.swift */,
				62125ACF22BB3081005B57AE /* Typealias.swift */,
			);
			path = Helpers;
			sourceTree = "<group>";
		};
		6631303122B6937D0081D8F1 /* CombineSpecs */ = {
			isa = PBXGroup;
			children = (
				6631303222B6937D0081D8F1 /* AppDelegate.swift */,
				6631303422B6937D0081D8F1 /* SceneDelegate.swift */,
				6631303622B6937D0081D8F1 /* ViewController.swift */,
				6631303822B6937D0081D8F1 /* Main.storyboard */,
				6631303B22B6937D0081D8F1 /* Assets.xcassets */,
				6631303D22B6937D0081D8F1 /* LaunchScreen.storyboard */,
				6631304022B6937D0081D8F1 /* Info.plist */,
			);
			path = CombineSpecs;
			sourceTree = "<group>";
		};
		6631304822B6937E0081D8F1 /* CombineSpecsTests */ = {
			isa = PBXGroup;
			children = (
				6631304B22B6937E0081D8F1 /* Info.plist */,
			);
			path = CombineSpecsTests;
			sourceTree = "<group>";
		};
		6631305422B695080081D8F1 /* Subscribers */ = {
			isa = PBXGroup;
			children = (
				6631305522B695180081D8F1 /* SinkSpec.swift */,
				62B3D8B722B755FB001FA5FE /* AssignSpec.swift */,
			);
			path = Subscribers;
			sourceTree = "<group>";
		};
		DEF22B02C2C11E1EB82B2876 /* Pods */ = {
			isa = PBXGroup;
			children = (
				1B1FB4D6EB31D6D3F7200E16 /* Pods-CombineSpecs.debug.xcconfig */,
				94B491DECCDD99EA758CC848 /* Pods-CombineSpecs.release.xcconfig */,
				B1268EB63E33C32D474D9487 /* Pods-CombineSpecsTests.debug.xcconfig */,
				E8B0F44FBF0B9AB2C759258D /* Pods-CombineSpecsTests.release.xcconfig */,
				56797039B4CBC89F01ABD727 /* Pods-Specs.debug.xcconfig */,
				006978E4D716DF2FA5196A57 /* Pods-Specs.release.xcconfig */,
				6CD07364997FE5C6A344A2ED /* Pods-SpecsTests.debug.xcconfig */,
				D50490928A9621FD4365C605 /* Pods-SpecsTests.release.xcconfig */,
			);
			path = Pods;
			sourceTree = "<group>";
		};
/* End PBXGroup section */

/* Begin PBXNativeTarget section */
		66312FA922B665620081D8F1 /* Specs */ = {
			isa = PBXNativeTarget;
			buildConfigurationList = 66312FC922B665630081D8F1 /* Build configuration list for PBXNativeTarget "Specs" */;
			buildPhases = (
				781FDF640B5FB2246199A09F /* [CP] Check Pods Manifest.lock */,
				66312FA622B665620081D8F1 /* Sources */,
				66312FA722B665620081D8F1 /* Frameworks */,
				66312FA822B665620081D8F1 /* Resources */,
				66312FE622B66ACF0081D8F1 /* Embed Frameworks */,
			);
			buildRules = (
			);
			dependencies = (
			);
			name = Specs;
			productName = Specs;
			productReference = 66312FAA22B665620081D8F1 /* Specs.app */;
			productType = "com.apple.product-type.application";
		};
		66312FBF22B665630081D8F1 /* SpecsTests */ = {
			isa = PBXNativeTarget;
			buildConfigurationList = 66312FCC22B665630081D8F1 /* Build configuration list for PBXNativeTarget "SpecsTests" */;
			buildPhases = (
				271B3ABCBCF60A547B83C566 /* [CP] Check Pods Manifest.lock */,
				66312FBC22B665630081D8F1 /* Sources */,
				66312FBD22B665630081D8F1 /* Frameworks */,
				66312FBE22B665630081D8F1 /* Resources */,
				7E6DB5BD8B0AB51018D93922 /* [CP] Embed Pods Frameworks */,
			);
			buildRules = (
			);
			dependencies = (
				66312FC222B665630081D8F1 /* PBXTargetDependency */,
			);
			name = SpecsTests;
			productName = SpecsTests;
			productReference = 66312FC022B665630081D8F1 /* SpecsTests.xctest */;
			productType = "com.apple.product-type.bundle.unit-test";
		};
		6631302F22B6937D0081D8F1 /* CombineSpecs */ = {
			isa = PBXNativeTarget;
			buildConfigurationList = 6631304C22B6937E0081D8F1 /* Build configuration list for PBXNativeTarget "CombineSpecs" */;
			buildPhases = (
				B943F3DA2E246F8881FA47A3 /* [CP] Check Pods Manifest.lock */,
				6631302C22B6937D0081D8F1 /* Sources */,
				6631302D22B6937D0081D8F1 /* Frameworks */,
				6631302E22B6937D0081D8F1 /* Resources */,
			);
			buildRules = (
			);
			dependencies = (
			);
			name = CombineSpecs;
			productName = CombineSpecs;
			productReference = 6631303022B6937D0081D8F1 /* CombineSpecs.app */;
			productType = "com.apple.product-type.application";
		};
		6631304422B6937D0081D8F1 /* CombineSpecsTests */ = {
			isa = PBXNativeTarget;
			buildConfigurationList = 6631304F22B6937E0081D8F1 /* Build configuration list for PBXNativeTarget "CombineSpecsTests" */;
			buildPhases = (
				05B65C11DEC6B4FA70E5B967 /* [CP] Check Pods Manifest.lock */,
				6631304122B6937D0081D8F1 /* Sources */,
				6631304222B6937D0081D8F1 /* Frameworks */,
				6631304322B6937D0081D8F1 /* Resources */,
				5D01AB3AC7EC37EA693D4C15 /* [CP] Embed Pods Frameworks */,
			);
			buildRules = (
			);
			dependencies = (
				6631304722B6937E0081D8F1 /* PBXTargetDependency */,
			);
			name = CombineSpecsTests;
			productName = CombineSpecsTests;
			productReference = 6631304522B6937D0081D8F1 /* CombineSpecsTests.xctest */;
			productType = "com.apple.product-type.bundle.unit-test";
		};
/* End PBXNativeTarget section */

/* Begin PBXProject section */
		66312FA222B665620081D8F1 /* Project object */ = {
			isa = PBXProject;
			attributes = {
				LastSwiftUpdateCheck = 1100;
				LastUpgradeCheck = 1100;
				ORGANIZATIONNAME = "Quentin Jin";
				TargetAttributes = {
					66312FA922B665620081D8F1 = {
						CreatedOnToolsVersion = 11.0;
					};
					66312FBF22B665630081D8F1 = {
						CreatedOnToolsVersion = 11.0;
						TestTargetID = 66312FA922B665620081D8F1;
					};
					6631302F22B6937D0081D8F1 = {
						CreatedOnToolsVersion = 11.0;
					};
					6631304422B6937D0081D8F1 = {
						CreatedOnToolsVersion = 11.0;
						TestTargetID = 6631302F22B6937D0081D8F1;
					};
				};
			};
			buildConfigurationList = 66312FA522B665620081D8F1 /* Build configuration list for PBXProject "Specs" */;
			compatibilityVersion = "Xcode 9.3";
			developmentRegion = en;
			hasScannedForEncodings = 0;
			knownRegions = (
				en,
				Base,
			);
			mainGroup = 66312FA122B665620081D8F1;
			productRefGroup = 66312FAB22B665620081D8F1 /* Products */;
			projectDirPath = "";
			projectReferences = (
				{
					ProductGroup = 66312FD722B66AC70081D8F1 /* Products */;
					ProjectRef = 66312FD622B66AC70081D8F1 /* CombineX.xcodeproj */;
				},
			);
			projectRoot = "";
			targets = (
				66312FA922B665620081D8F1 /* Specs */,
				66312FBF22B665630081D8F1 /* SpecsTests */,
				6631302F22B6937D0081D8F1 /* CombineSpecs */,
				6631304422B6937D0081D8F1 /* CombineSpecsTests */,
			);
		};
/* End PBXProject section */

/* Begin PBXReferenceProxy section */
		66312FDE22B66AC70081D8F1 /* CombineX.framework */ = {
			isa = PBXReferenceProxy;
			fileType = wrapper.framework;
			path = CombineX.framework;
			remoteRef = 66312FDD22B66AC70081D8F1 /* PBXContainerItemProxy */;
			sourceTree = BUILT_PRODUCTS_DIR;
		};
		66312FE022B66AC70081D8F1 /* CombineXTests.xctest */ = {
			isa = PBXReferenceProxy;
			fileType = file;
			path = CombineXTests.xctest;
			remoteRef = 66312FDF22B66AC70081D8F1 /* PBXContainerItemProxy */;
			sourceTree = BUILT_PRODUCTS_DIR;
		};
/* End PBXReferenceProxy section */

/* Begin PBXResourcesBuildPhase section */
		66312FA822B665620081D8F1 /* Resources */ = {
			isa = PBXResourcesBuildPhase;
			buildActionMask = 2147483647;
			files = (
				66312FBA22B665630081D8F1 /* LaunchScreen.storyboard in Resources */,
				66312FB722B665630081D8F1 /* Assets.xcassets in Resources */,
				66312FB522B665620081D8F1 /* Main.storyboard in Resources */,
			);
			runOnlyForDeploymentPostprocessing = 0;
		};
		66312FBE22B665630081D8F1 /* Resources */ = {
			isa = PBXResourcesBuildPhase;
			buildActionMask = 2147483647;
			files = (
			);
			runOnlyForDeploymentPostprocessing = 0;
		};
		6631302E22B6937D0081D8F1 /* Resources */ = {
			isa = PBXResourcesBuildPhase;
			buildActionMask = 2147483647;
			files = (
				6631303F22B6937D0081D8F1 /* LaunchScreen.storyboard in Resources */,
				6631303C22B6937D0081D8F1 /* Assets.xcassets in Resources */,
				6631303A22B6937D0081D8F1 /* Main.storyboard in Resources */,
			);
			runOnlyForDeploymentPostprocessing = 0;
		};
		6631304322B6937D0081D8F1 /* Resources */ = {
			isa = PBXResourcesBuildPhase;
			buildActionMask = 2147483647;
			files = (
			);
			runOnlyForDeploymentPostprocessing = 0;
		};
/* End PBXResourcesBuildPhase section */

/* Begin PBXShellScriptBuildPhase section */
		05B65C11DEC6B4FA70E5B967 /* [CP] Check Pods Manifest.lock */ = {
			isa = PBXShellScriptBuildPhase;
			buildActionMask = 2147483647;
			files = (
			);
			inputFileListPaths = (
			);
			inputPaths = (
				"${PODS_PODFILE_DIR_PATH}/Podfile.lock",
				"${PODS_ROOT}/Manifest.lock",
			);
			name = "[CP] Check Pods Manifest.lock";
			outputFileListPaths = (
			);
			outputPaths = (
				"$(DERIVED_FILE_DIR)/Pods-CombineSpecsTests-checkManifestLockResult.txt",
			);
			runOnlyForDeploymentPostprocessing = 0;
			shellPath = /bin/sh;
			shellScript = "diff \"${PODS_PODFILE_DIR_PATH}/Podfile.lock\" \"${PODS_ROOT}/Manifest.lock\" > /dev/null\nif [ $? != 0 ] ; then\n    # print error to STDERR\n    echo \"error: The sandbox is not in sync with the Podfile.lock. Run 'pod install' or update your CocoaPods installation.\" >&2\n    exit 1\nfi\n# This output is used by Xcode 'outputs' to avoid re-running this script phase.\necho \"SUCCESS\" > \"${SCRIPT_OUTPUT_FILE_0}\"\n";
			showEnvVarsInLog = 0;
		};
		271B3ABCBCF60A547B83C566 /* [CP] Check Pods Manifest.lock */ = {
			isa = PBXShellScriptBuildPhase;
			buildActionMask = 2147483647;
			files = (
			);
			inputFileListPaths = (
			);
			inputPaths = (
				"${PODS_PODFILE_DIR_PATH}/Podfile.lock",
				"${PODS_ROOT}/Manifest.lock",
			);
			name = "[CP] Check Pods Manifest.lock";
			outputFileListPaths = (
			);
			outputPaths = (
				"$(DERIVED_FILE_DIR)/Pods-SpecsTests-checkManifestLockResult.txt",
			);
			runOnlyForDeploymentPostprocessing = 0;
			shellPath = /bin/sh;
			shellScript = "diff \"${PODS_PODFILE_DIR_PATH}/Podfile.lock\" \"${PODS_ROOT}/Manifest.lock\" > /dev/null\nif [ $? != 0 ] ; then\n    # print error to STDERR\n    echo \"error: The sandbox is not in sync with the Podfile.lock. Run 'pod install' or update your CocoaPods installation.\" >&2\n    exit 1\nfi\n# This output is used by Xcode 'outputs' to avoid re-running this script phase.\necho \"SUCCESS\" > \"${SCRIPT_OUTPUT_FILE_0}\"\n";
			showEnvVarsInLog = 0;
		};
		5D01AB3AC7EC37EA693D4C15 /* [CP] Embed Pods Frameworks */ = {
			isa = PBXShellScriptBuildPhase;
			buildActionMask = 2147483647;
			files = (
			);
			inputFileListPaths = (
				"${PODS_ROOT}/Target Support Files/Pods-CombineSpecsTests/Pods-CombineSpecsTests-frameworks-${CONFIGURATION}-input-files.xcfilelist",
			);
			name = "[CP] Embed Pods Frameworks";
			outputFileListPaths = (
				"${PODS_ROOT}/Target Support Files/Pods-CombineSpecsTests/Pods-CombineSpecsTests-frameworks-${CONFIGURATION}-output-files.xcfilelist",
			);
			runOnlyForDeploymentPostprocessing = 0;
			shellPath = /bin/sh;
			shellScript = "\"${PODS_ROOT}/Target Support Files/Pods-CombineSpecsTests/Pods-CombineSpecsTests-frameworks.sh\"\n";
			showEnvVarsInLog = 0;
		};
		781FDF640B5FB2246199A09F /* [CP] Check Pods Manifest.lock */ = {
			isa = PBXShellScriptBuildPhase;
			buildActionMask = 2147483647;
			files = (
			);
			inputFileListPaths = (
			);
			inputPaths = (
				"${PODS_PODFILE_DIR_PATH}/Podfile.lock",
				"${PODS_ROOT}/Manifest.lock",
			);
			name = "[CP] Check Pods Manifest.lock";
			outputFileListPaths = (
			);
			outputPaths = (
				"$(DERIVED_FILE_DIR)/Pods-Specs-checkManifestLockResult.txt",
			);
			runOnlyForDeploymentPostprocessing = 0;
			shellPath = /bin/sh;
			shellScript = "diff \"${PODS_PODFILE_DIR_PATH}/Podfile.lock\" \"${PODS_ROOT}/Manifest.lock\" > /dev/null\nif [ $? != 0 ] ; then\n    # print error to STDERR\n    echo \"error: The sandbox is not in sync with the Podfile.lock. Run 'pod install' or update your CocoaPods installation.\" >&2\n    exit 1\nfi\n# This output is used by Xcode 'outputs' to avoid re-running this script phase.\necho \"SUCCESS\" > \"${SCRIPT_OUTPUT_FILE_0}\"\n";
			showEnvVarsInLog = 0;
		};
		7E6DB5BD8B0AB51018D93922 /* [CP] Embed Pods Frameworks */ = {
			isa = PBXShellScriptBuildPhase;
			buildActionMask = 2147483647;
			files = (
			);
			inputFileListPaths = (
				"${PODS_ROOT}/Target Support Files/Pods-SpecsTests/Pods-SpecsTests-frameworks-${CONFIGURATION}-input-files.xcfilelist",
			);
			name = "[CP] Embed Pods Frameworks";
			outputFileListPaths = (
				"${PODS_ROOT}/Target Support Files/Pods-SpecsTests/Pods-SpecsTests-frameworks-${CONFIGURATION}-output-files.xcfilelist",
			);
			runOnlyForDeploymentPostprocessing = 0;
			shellPath = /bin/sh;
			shellScript = "\"${PODS_ROOT}/Target Support Files/Pods-SpecsTests/Pods-SpecsTests-frameworks.sh\"\n";
			showEnvVarsInLog = 0;
		};
		B943F3DA2E246F8881FA47A3 /* [CP] Check Pods Manifest.lock */ = {
			isa = PBXShellScriptBuildPhase;
			buildActionMask = 2147483647;
			files = (
			);
			inputFileListPaths = (
			);
			inputPaths = (
				"${PODS_PODFILE_DIR_PATH}/Podfile.lock",
				"${PODS_ROOT}/Manifest.lock",
			);
			name = "[CP] Check Pods Manifest.lock";
			outputFileListPaths = (
			);
			outputPaths = (
				"$(DERIVED_FILE_DIR)/Pods-CombineSpecs-checkManifestLockResult.txt",
			);
			runOnlyForDeploymentPostprocessing = 0;
			shellPath = /bin/sh;
			shellScript = "diff \"${PODS_PODFILE_DIR_PATH}/Podfile.lock\" \"${PODS_ROOT}/Manifest.lock\" > /dev/null\nif [ $? != 0 ] ; then\n    # print error to STDERR\n    echo \"error: The sandbox is not in sync with the Podfile.lock. Run 'pod install' or update your CocoaPods installation.\" >&2\n    exit 1\nfi\n# This output is used by Xcode 'outputs' to avoid re-running this script phase.\necho \"SUCCESS\" > \"${SCRIPT_OUTPUT_FILE_0}\"\n";
			showEnvVarsInLog = 0;
		};
/* End PBXShellScriptBuildPhase section */

/* Begin PBXSourcesBuildPhase section */
		66312FA622B665620081D8F1 /* Sources */ = {
			isa = PBXSourcesBuildPhase;
			buildActionMask = 2147483647;
			files = (
				66312FB222B665620081D8F1 /* ViewController.swift in Sources */,
				66312FAE22B665620081D8F1 /* AppDelegate.swift in Sources */,
				66312FB022B665620081D8F1 /* SceneDelegate.swift in Sources */,
			);
			runOnlyForDeploymentPostprocessing = 0;
		};
		66312FBC22B665630081D8F1 /* Sources */ = {
			isa = PBXSourcesBuildPhase;
			buildActionMask = 2147483647;
			files = (
				625EC8C422B8D8F5006DB4D5 /* SequenceSpec.swift in Sources */,
				62B3D8B822B755FB001FA5FE /* AssignSpec.swift in Sources */,
				6229E65422B72319002CBEC2 /* CustomObject.swift in Sources */,
				66312FD122B665AC0081D8F1 /* JustSpec.swift in Sources */,
				6229E65D22B72EA3002CBEC2 /* SubscriptionSpec.swift in Sources */,
				625EC8BD22B8D5CE006DB4D5 /* OnceSpec.swift in Sources */,
				6279184122B77FE600203B96 /* MapSpec.swift in Sources */,
				62A4A4FB22B87371009AD6FE /* CustomError.swift in Sources */,
				6615FECD22BA8C5A000201AF /* CombineIdentifierSpec.swift in Sources */,
				625EC8B922B8B32A006DB4D5 /* DemandSpec.swift in Sources */,
				6229E64D22B720E1002CBEC2 /* AnyCancellableSpec.swift in Sources */,
				6229E65A22B729F1002CBEC2 /* CustomSubscription.swift in Sources */,
				62125AD022BB3081005B57AE /* Typealias.swift in Sources */,
				6631302A22B691C80081D8F1 /* Extensions.swift in Sources */,
				6229E65722B72969002CBEC2 /* AnySubscriberSpec.swift in Sources */,
				66D3860022B9271F001B8189 /* FlatMapSpec.swift in Sources */,
				6229E66822B7385A002CBEC2 /* PassthroughSubjectSpec.swift in Sources */,
				62B3D8BF22B757A4001FA5FE /* CustomSubsciber.swift in Sources */,
				625EC8B222B8AD3B006DB4D5 /* CurrentValueSubjectSpec.swift in Sources */,
				6631305622B695180081D8F1 /* SinkSpec.swift in Sources */,
				6229E66022B72F04002CBEC2 /* DeinitObserver.swift in Sources */,
				6279183A22B77EAC00203B96 /* EmptySpec.swift in Sources */,
			);
			runOnlyForDeploymentPostprocessing = 0;
		};
		6631302C22B6937D0081D8F1 /* Sources */ = {
			isa = PBXSourcesBuildPhase;
			buildActionMask = 2147483647;
			files = (
				6631303722B6937D0081D8F1 /* ViewController.swift in Sources */,
				6631303322B6937D0081D8F1 /* AppDelegate.swift in Sources */,
				6631303522B6937D0081D8F1 /* SceneDelegate.swift in Sources */,
			);
			runOnlyForDeploymentPostprocessing = 0;
		};
		6631304122B6937D0081D8F1 /* Sources */ = {
			isa = PBXSourcesBuildPhase;
			buildActionMask = 2147483647;
			files = (
				625EC8C522B8D8F5006DB4D5 /* SequenceSpec.swift in Sources */,
				62B3D8B922B755FB001FA5FE /* AssignSpec.swift in Sources */,
				6229E65522B72319002CBEC2 /* CustomObject.swift in Sources */,
				6631305222B693900081D8F1 /* JustSpec.swift in Sources */,
				6229E65E22B72EA3002CBEC2 /* SubscriptionSpec.swift in Sources */,
				625EC8BE22B8D5CE006DB4D5 /* OnceSpec.swift in Sources */,
				6279184222B77FE600203B96 /* MapSpec.swift in Sources */,
				62A4A4FC22B87371009AD6FE /* CustomError.swift in Sources */,
				6615FECE22BA8C5A000201AF /* CombineIdentifierSpec.swift in Sources */,
				625EC8BA22B8B32A006DB4D5 /* DemandSpec.swift in Sources */,
				6229E64E22B720E1002CBEC2 /* AnyCancellableSpec.swift in Sources */,
				6229E65B22B729F1002CBEC2 /* CustomSubscription.swift in Sources */,
				62125AD122BB3081005B57AE /* Typealias.swift in Sources */,
				6631305322B693940081D8F1 /* Extensions.swift in Sources */,
				6229E65822B72969002CBEC2 /* AnySubscriberSpec.swift in Sources */,
				66D3860122B9271F001B8189 /* FlatMapSpec.swift in Sources */,
				6229E66922B7385A002CBEC2 /* PassthroughSubjectSpec.swift in Sources */,
				62B3D8C022B757A4001FA5FE /* CustomSubsciber.swift in Sources */,
				625EC8B322B8AD3B006DB4D5 /* CurrentValueSubjectSpec.swift in Sources */,
				6631305722B6951B0081D8F1 /* SinkSpec.swift in Sources */,
				6229E66122B72F04002CBEC2 /* DeinitObserver.swift in Sources */,
				6279183B22B77EAC00203B96 /* EmptySpec.swift in Sources */,
			);
			runOnlyForDeploymentPostprocessing = 0;
		};
/* End PBXSourcesBuildPhase section */

/* Begin PBXTargetDependency section */
		66312FC222B665630081D8F1 /* PBXTargetDependency */ = {
			isa = PBXTargetDependency;
			target = 66312FA922B665620081D8F1 /* Specs */;
			targetProxy = 66312FC122B665630081D8F1 /* PBXContainerItemProxy */;
		};
		6631304722B6937E0081D8F1 /* PBXTargetDependency */ = {
			isa = PBXTargetDependency;
			target = 6631302F22B6937D0081D8F1 /* CombineSpecs */;
			targetProxy = 6631304622B6937E0081D8F1 /* PBXContainerItemProxy */;
		};
/* End PBXTargetDependency section */

/* Begin PBXVariantGroup section */
		66312FB322B665620081D8F1 /* Main.storyboard */ = {
			isa = PBXVariantGroup;
			children = (
				66312FB422B665620081D8F1 /* Base */,
			);
			name = Main.storyboard;
			sourceTree = "<group>";
		};
		66312FB822B665630081D8F1 /* LaunchScreen.storyboard */ = {
			isa = PBXVariantGroup;
			children = (
				66312FB922B665630081D8F1 /* Base */,
			);
			name = LaunchScreen.storyboard;
			sourceTree = "<group>";
		};
		6631303822B6937D0081D8F1 /* Main.storyboard */ = {
			isa = PBXVariantGroup;
			children = (
				6631303922B6937D0081D8F1 /* Base */,
			);
			name = Main.storyboard;
			sourceTree = "<group>";
		};
		6631303D22B6937D0081D8F1 /* LaunchScreen.storyboard */ = {
			isa = PBXVariantGroup;
			children = (
				6631303E22B6937D0081D8F1 /* Base */,
			);
			name = LaunchScreen.storyboard;
			sourceTree = "<group>";
		};
/* End PBXVariantGroup section */

/* Begin XCBuildConfiguration section */
		66312FC722B665630081D8F1 /* Debug */ = {
			isa = XCBuildConfiguration;
			buildSettings = {
				ALWAYS_SEARCH_USER_PATHS = NO;
				CLANG_ANALYZER_NONNULL = YES;
				CLANG_ANALYZER_NUMBER_OBJECT_CONVERSION = YES_AGGRESSIVE;
				CLANG_CXX_LANGUAGE_STANDARD = "gnu++14";
				CLANG_CXX_LIBRARY = "libc++";
				CLANG_ENABLE_MODULES = YES;
				CLANG_ENABLE_OBJC_ARC = YES;
				CLANG_ENABLE_OBJC_WEAK = YES;
				CLANG_WARN_BLOCK_CAPTURE_AUTORELEASING = YES;
				CLANG_WARN_BOOL_CONVERSION = YES;
				CLANG_WARN_COMMA = YES;
				CLANG_WARN_CONSTANT_CONVERSION = YES;
				CLANG_WARN_DEPRECATED_OBJC_IMPLEMENTATIONS = YES;
				CLANG_WARN_DIRECT_OBJC_ISA_USAGE = YES_ERROR;
				CLANG_WARN_DOCUMENTATION_COMMENTS = YES;
				CLANG_WARN_EMPTY_BODY = YES;
				CLANG_WARN_ENUM_CONVERSION = YES;
				CLANG_WARN_INFINITE_RECURSION = YES;
				CLANG_WARN_INT_CONVERSION = YES;
				CLANG_WARN_NON_LITERAL_NULL_CONVERSION = YES;
				CLANG_WARN_OBJC_IMPLICIT_RETAIN_SELF = YES;
				CLANG_WARN_OBJC_LITERAL_CONVERSION = YES;
				CLANG_WARN_OBJC_ROOT_CLASS = YES_ERROR;
				CLANG_WARN_RANGE_LOOP_ANALYSIS = YES;
				CLANG_WARN_STRICT_PROTOTYPES = YES;
				CLANG_WARN_SUSPICIOUS_MOVE = YES;
				CLANG_WARN_UNGUARDED_AVAILABILITY = YES_AGGRESSIVE;
				CLANG_WARN_UNREACHABLE_CODE = YES;
				CLANG_WARN__DUPLICATE_METHOD_MATCH = YES;
				COPY_PHASE_STRIP = NO;
				DEBUG_INFORMATION_FORMAT = dwarf;
				ENABLE_STRICT_OBJC_MSGSEND = YES;
				ENABLE_TESTABILITY = YES;
				GCC_C_LANGUAGE_STANDARD = gnu11;
				GCC_DYNAMIC_NO_PIC = NO;
				GCC_NO_COMMON_BLOCKS = YES;
				GCC_OPTIMIZATION_LEVEL = 0;
				GCC_PREPROCESSOR_DEFINITIONS = (
					"DEBUG=1",
					"$(inherited)",
				);
				GCC_WARN_64_TO_32_BIT_CONVERSION = YES;
				GCC_WARN_ABOUT_RETURN_TYPE = YES_ERROR;
				GCC_WARN_UNDECLARED_SELECTOR = YES;
				GCC_WARN_UNINITIALIZED_AUTOS = YES_AGGRESSIVE;
				GCC_WARN_UNUSED_FUNCTION = YES;
				GCC_WARN_UNUSED_VARIABLE = YES;
				IPHONEOS_DEPLOYMENT_TARGET = 13.0;
				MTL_ENABLE_DEBUG_INFO = INCLUDE_SOURCE;
				MTL_FAST_MATH = YES;
				ONLY_ACTIVE_ARCH = YES;
				SDKROOT = iphoneos;
				SWIFT_ACTIVE_COMPILATION_CONDITIONS = DEBUG;
				SWIFT_OPTIMIZATION_LEVEL = "-Onone";
			};
			name = Debug;
		};
		66312FC822B665630081D8F1 /* Release */ = {
			isa = XCBuildConfiguration;
			buildSettings = {
				ALWAYS_SEARCH_USER_PATHS = NO;
				CLANG_ANALYZER_NONNULL = YES;
				CLANG_ANALYZER_NUMBER_OBJECT_CONVERSION = YES_AGGRESSIVE;
				CLANG_CXX_LANGUAGE_STANDARD = "gnu++14";
				CLANG_CXX_LIBRARY = "libc++";
				CLANG_ENABLE_MODULES = YES;
				CLANG_ENABLE_OBJC_ARC = YES;
				CLANG_ENABLE_OBJC_WEAK = YES;
				CLANG_WARN_BLOCK_CAPTURE_AUTORELEASING = YES;
				CLANG_WARN_BOOL_CONVERSION = YES;
				CLANG_WARN_COMMA = YES;
				CLANG_WARN_CONSTANT_CONVERSION = YES;
				CLANG_WARN_DEPRECATED_OBJC_IMPLEMENTATIONS = YES;
				CLANG_WARN_DIRECT_OBJC_ISA_USAGE = YES_ERROR;
				CLANG_WARN_DOCUMENTATION_COMMENTS = YES;
				CLANG_WARN_EMPTY_BODY = YES;
				CLANG_WARN_ENUM_CONVERSION = YES;
				CLANG_WARN_INFINITE_RECURSION = YES;
				CLANG_WARN_INT_CONVERSION = YES;
				CLANG_WARN_NON_LITERAL_NULL_CONVERSION = YES;
				CLANG_WARN_OBJC_IMPLICIT_RETAIN_SELF = YES;
				CLANG_WARN_OBJC_LITERAL_CONVERSION = YES;
				CLANG_WARN_OBJC_ROOT_CLASS = YES_ERROR;
				CLANG_WARN_RANGE_LOOP_ANALYSIS = YES;
				CLANG_WARN_STRICT_PROTOTYPES = YES;
				CLANG_WARN_SUSPICIOUS_MOVE = YES;
				CLANG_WARN_UNGUARDED_AVAILABILITY = YES_AGGRESSIVE;
				CLANG_WARN_UNREACHABLE_CODE = YES;
				CLANG_WARN__DUPLICATE_METHOD_MATCH = YES;
				COPY_PHASE_STRIP = NO;
				DEBUG_INFORMATION_FORMAT = "dwarf-with-dsym";
				ENABLE_NS_ASSERTIONS = NO;
				ENABLE_STRICT_OBJC_MSGSEND = YES;
				GCC_C_LANGUAGE_STANDARD = gnu11;
				GCC_NO_COMMON_BLOCKS = YES;
				GCC_WARN_64_TO_32_BIT_CONVERSION = YES;
				GCC_WARN_ABOUT_RETURN_TYPE = YES_ERROR;
				GCC_WARN_UNDECLARED_SELECTOR = YES;
				GCC_WARN_UNINITIALIZED_AUTOS = YES_AGGRESSIVE;
				GCC_WARN_UNUSED_FUNCTION = YES;
				GCC_WARN_UNUSED_VARIABLE = YES;
				IPHONEOS_DEPLOYMENT_TARGET = 13.0;
				MTL_ENABLE_DEBUG_INFO = NO;
				MTL_FAST_MATH = YES;
				SDKROOT = iphoneos;
				SWIFT_COMPILATION_MODE = wholemodule;
				SWIFT_OPTIMIZATION_LEVEL = "-O";
				VALIDATE_PRODUCT = YES;
			};
			name = Release;
		};
		66312FCA22B665630081D8F1 /* Debug */ = {
			isa = XCBuildConfiguration;
			baseConfigurationReference = 56797039B4CBC89F01ABD727 /* Pods-Specs.debug.xcconfig */;
			buildSettings = {
				ASSETCATALOG_COMPILER_APPICON_NAME = AppIcon;
				CODE_SIGN_STYLE = Automatic;
				GCC_PREPROCESSOR_DEFINITIONS = (
					"DEBUG=1",
					"$(inherited)",
				);
				INFOPLIST_FILE = Specs/Info.plist;
				LD_RUNPATH_SEARCH_PATHS = (
					"$(inherited)",
					"@executable_path/Frameworks",
				);
				PRODUCT_BUNDLE_IDENTIFIER = com.v2ambition.Specs;
				PRODUCT_NAME = "$(TARGET_NAME)";
				SWIFT_ACTIVE_COMPILATION_CONDITIONS = "DEBUG CombineX";
				SWIFT_VERSION = 5.0;
				TARGETED_DEVICE_FAMILY = "1,2";
			};
			name = Debug;
		};
		66312FCB22B665630081D8F1 /* Release */ = {
			isa = XCBuildConfiguration;
			baseConfigurationReference = 006978E4D716DF2FA5196A57 /* Pods-Specs.release.xcconfig */;
			buildSettings = {
				ASSETCATALOG_COMPILER_APPICON_NAME = AppIcon;
				CODE_SIGN_STYLE = Automatic;
				INFOPLIST_FILE = Specs/Info.plist;
				LD_RUNPATH_SEARCH_PATHS = (
					"$(inherited)",
					"@executable_path/Frameworks",
				);
				PRODUCT_BUNDLE_IDENTIFIER = com.v2ambition.Specs;
				PRODUCT_NAME = "$(TARGET_NAME)";
				SWIFT_VERSION = 5.0;
				TARGETED_DEVICE_FAMILY = "1,2";
			};
			name = Release;
		};
		66312FCD22B665630081D8F1 /* Debug */ = {
			isa = XCBuildConfiguration;
			baseConfigurationReference = 6CD07364997FE5C6A344A2ED /* Pods-SpecsTests.debug.xcconfig */;
			buildSettings = {
				ALWAYS_EMBED_SWIFT_STANDARD_LIBRARIES = YES;
				BUNDLE_LOADER = "$(TEST_HOST)";
				CODE_SIGN_STYLE = Automatic;
				GCC_PREPROCESSOR_DEFINITIONS = (
					"DEBUG=1",
					"$(inherited)",
				);
				INFOPLIST_FILE = SpecsTests/Info.plist;
				LD_RUNPATH_SEARCH_PATHS = (
					"$(inherited)",
					"@executable_path/Frameworks",
					"@loader_path/Frameworks",
				);
				PRODUCT_BUNDLE_IDENTIFIER = com.v2ambition.SpecsTests;
				PRODUCT_NAME = "$(TARGET_NAME)";
				SWIFT_ACTIVE_COMPILATION_CONDITIONS = DEBUG;
				SWIFT_VERSION = 5.0;
				TARGETED_DEVICE_FAMILY = "1,2";
				TEST_HOST = "$(BUILT_PRODUCTS_DIR)/Specs.app/Specs";
			};
			name = Debug;
		};
		66312FCE22B665630081D8F1 /* Release */ = {
			isa = XCBuildConfiguration;
			baseConfigurationReference = D50490928A9621FD4365C605 /* Pods-SpecsTests.release.xcconfig */;
			buildSettings = {
				ALWAYS_EMBED_SWIFT_STANDARD_LIBRARIES = YES;
				BUNDLE_LOADER = "$(TEST_HOST)";
				CODE_SIGN_STYLE = Automatic;
				INFOPLIST_FILE = SpecsTests/Info.plist;
				LD_RUNPATH_SEARCH_PATHS = (
					"$(inherited)",
					"@executable_path/Frameworks",
					"@loader_path/Frameworks",
				);
				PRODUCT_BUNDLE_IDENTIFIER = com.v2ambition.SpecsTests;
				PRODUCT_NAME = "$(TARGET_NAME)";
				SWIFT_VERSION = 5.0;
				TARGETED_DEVICE_FAMILY = "1,2";
				TEST_HOST = "$(BUILT_PRODUCTS_DIR)/Specs.app/Specs";
			};
			name = Release;
		};
		6631304D22B6937E0081D8F1 /* Debug */ = {
			isa = XCBuildConfiguration;
			baseConfigurationReference = 1B1FB4D6EB31D6D3F7200E16 /* Pods-CombineSpecs.debug.xcconfig */;
			buildSettings = {
				ASSETCATALOG_COMPILER_APPICON_NAME = AppIcon;
				CODE_SIGN_STYLE = Automatic;
				INFOPLIST_FILE = CombineSpecs/Info.plist;
				LD_RUNPATH_SEARCH_PATHS = (
					"$(inherited)",
					"@executable_path/Frameworks",
				);
				PRODUCT_BUNDLE_IDENTIFIER = com.v2ambition.CombineSpecs;
				PRODUCT_NAME = "$(TARGET_NAME)";
				SWIFT_VERSION = 5.0;
				TARGETED_DEVICE_FAMILY = "1,2";
			};
			name = Debug;
		};
		6631304E22B6937E0081D8F1 /* Release */ = {
			isa = XCBuildConfiguration;
			baseConfigurationReference = 94B491DECCDD99EA758CC848 /* Pods-CombineSpecs.release.xcconfig */;
			buildSettings = {
				ASSETCATALOG_COMPILER_APPICON_NAME = AppIcon;
				CODE_SIGN_STYLE = Automatic;
				INFOPLIST_FILE = CombineSpecs/Info.plist;
				LD_RUNPATH_SEARCH_PATHS = (
					"$(inherited)",
					"@executable_path/Frameworks",
				);
				PRODUCT_BUNDLE_IDENTIFIER = com.v2ambition.CombineSpecs;
				PRODUCT_NAME = "$(TARGET_NAME)";
				SWIFT_VERSION = 5.0;
				TARGETED_DEVICE_FAMILY = "1,2";
			};
			name = Release;
		};
		6631305022B6937E0081D8F1 /* Debug */ = {
			isa = XCBuildConfiguration;
			baseConfigurationReference = B1268EB63E33C32D474D9487 /* Pods-CombineSpecsTests.debug.xcconfig */;
			buildSettings = {
				ALWAYS_EMBED_SWIFT_STANDARD_LIBRARIES = YES;
				BUNDLE_LOADER = "$(TEST_HOST)";
				CODE_SIGN_STYLE = Automatic;
				INFOPLIST_FILE = CombineSpecsTests/Info.plist;
				LD_RUNPATH_SEARCH_PATHS = (
					"$(inherited)",
					"@executable_path/Frameworks",
					"@loader_path/Frameworks",
				);
				PRODUCT_BUNDLE_IDENTIFIER = com.v2ambition.CombineSpecsTests;
				PRODUCT_NAME = "$(TARGET_NAME)";
				SWIFT_ACTIVE_COMPILATION_CONDITIONS = "DEBUG USE_COMBINE";
				SWIFT_VERSION = 5.0;
				TARGETED_DEVICE_FAMILY = "1,2";
				TEST_HOST = "$(BUILT_PRODUCTS_DIR)/CombineSpecs.app/CombineSpecs";
			};
			name = Debug;
		};
		6631305122B6937E0081D8F1 /* Release */ = {
			isa = XCBuildConfiguration;
			baseConfigurationReference = E8B0F44FBF0B9AB2C759258D /* Pods-CombineSpecsTests.release.xcconfig */;
			buildSettings = {
				ALWAYS_EMBED_SWIFT_STANDARD_LIBRARIES = YES;
				BUNDLE_LOADER = "$(TEST_HOST)";
				CODE_SIGN_STYLE = Automatic;
				INFOPLIST_FILE = CombineSpecsTests/Info.plist;
				LD_RUNPATH_SEARCH_PATHS = (
					"$(inherited)",
					"@executable_path/Frameworks",
					"@loader_path/Frameworks",
				);
				PRODUCT_BUNDLE_IDENTIFIER = com.v2ambition.CombineSpecsTests;
				PRODUCT_NAME = "$(TARGET_NAME)";
				SWIFT_VERSION = 5.0;
				TARGETED_DEVICE_FAMILY = "1,2";
				TEST_HOST = "$(BUILT_PRODUCTS_DIR)/CombineSpecs.app/CombineSpecs";
			};
			name = Release;
		};
/* End XCBuildConfiguration section */

/* Begin XCConfigurationList section */
		66312FA522B665620081D8F1 /* Build configuration list for PBXProject "Specs" */ = {
			isa = XCConfigurationList;
			buildConfigurations = (
				66312FC722B665630081D8F1 /* Debug */,
				66312FC822B665630081D8F1 /* Release */,
			);
			defaultConfigurationIsVisible = 0;
			defaultConfigurationName = Release;
		};
		66312FC922B665630081D8F1 /* Build configuration list for PBXNativeTarget "Specs" */ = {
			isa = XCConfigurationList;
			buildConfigurations = (
				66312FCA22B665630081D8F1 /* Debug */,
				66312FCB22B665630081D8F1 /* Release */,
			);
			defaultConfigurationIsVisible = 0;
			defaultConfigurationName = Release;
		};
		66312FCC22B665630081D8F1 /* Build configuration list for PBXNativeTarget "SpecsTests" */ = {
			isa = XCConfigurationList;
			buildConfigurations = (
				66312FCD22B665630081D8F1 /* Debug */,
				66312FCE22B665630081D8F1 /* Release */,
			);
			defaultConfigurationIsVisible = 0;
			defaultConfigurationName = Release;
		};
		6631304C22B6937E0081D8F1 /* Build configuration list for PBXNativeTarget "CombineSpecs" */ = {
			isa = XCConfigurationList;
			buildConfigurations = (
				6631304D22B6937E0081D8F1 /* Debug */,
				6631304E22B6937E0081D8F1 /* Release */,
			);
			defaultConfigurationIsVisible = 0;
			defaultConfigurationName = Release;
		};
		6631304F22B6937E0081D8F1 /* Build configuration list for PBXNativeTarget "CombineSpecsTests" */ = {
			isa = XCConfigurationList;
			buildConfigurations = (
				6631305022B6937E0081D8F1 /* Debug */,
				6631305122B6937E0081D8F1 /* Release */,
			);
			defaultConfigurationIsVisible = 0;
			defaultConfigurationName = Release;
		};
/* End XCConfigurationList section */
	};
	rootObject = 66312FA222B665620081D8F1 /* Project object */;
}
