// !$*UTF8*$!
{
	archiveVersion = 1;
	classes = {
	};
	objectVersion = 52;
	objects = {

/* Begin PBXBuildFile section */
		775DB61E266523BF002154AA /* test_carthageApp.swift in Sources */ = {isa = PBXBuildFile; fileRef = 775DB61D266523BF002154AA /* test_carthageApp.swift */; };
		775DB620266523BF002154AA /* ContentView.swift in Sources */ = {isa = PBXBuildFile; fileRef = 775DB61F266523BF002154AA /* ContentView.swift */; };
		775DB622266523C1002154AA /* Assets.xcassets in Resources */ = {isa = PBXBuildFile; fileRef = 775DB621266523C1002154AA /* Assets.xcassets */; };
		775DB625266523C1002154AA /* Preview Assets.xcassets in Resources */ = {isa = PBXBuildFile; fileRef = 775DB624266523C1002154AA /* Preview Assets.xcassets */; };
		775DB6362665254D002154AA /* CXUtility.xcframework in Frameworks */ = {isa = PBXBuildFile; fileRef = 775DB6312665254D002154AA /* CXUtility.xcframework */; };
		775DB6372665254D002154AA /* CXUtility.xcframework in Embed Frameworks */ = {isa = PBXBuildFile; fileRef = 775DB6312665254D002154AA /* CXUtility.xcframework */; settings = {ATTRIBUTES = (CodeSignOnCopy, RemoveHeadersOnCopy, ); }; };
		775DB6382665254D002154AA /* CXFoundation.xcframework in Frameworks */ = {isa = PBXBuildFile; fileRef = 775DB6322665254D002154AA /* CXFoundation.xcframework */; };
		775DB6392665254D002154AA /* CXFoundation.xcframework in Embed Frameworks */ = {isa = PBXBuildFile; fileRef = 775DB6322665254D002154AA /* CXFoundation.xcframework */; settings = {ATTRIBUTES = (CodeSignOnCopy, RemoveHeadersOnCopy, ); }; };
		775DB63A2665254D002154AA /* CombineX.xcframework in Frameworks */ = {isa = PBXBuildFile; fileRef = 775DB6332665254D002154AA /* CombineX.xcframework */; };
		775DB63B2665254D002154AA /* CombineX.xcframework in Embed Frameworks */ = {isa = PBXBuildFile; fileRef = 775DB6332665254D002154AA /* CombineX.xcframework */; settings = {ATTRIBUTES = (CodeSignOnCopy, RemoveHeadersOnCopy, ); }; };
		775DB63C2665254D002154AA /* CXLibc.xcframework in Frameworks */ = {isa = PBXBuildFile; fileRef = 775DB6342665254D002154AA /* CXLibc.xcframework */; };
		775DB63D2665254D002154AA /* CXLibc.xcframework in Embed Frameworks */ = {isa = PBXBuildFile; fileRef = 775DB6342665254D002154AA /* CXLibc.xcframework */; settings = {ATTRIBUTES = (CodeSignOnCopy, RemoveHeadersOnCopy, ); }; };
		775DB63E2665254D002154AA /* CXNamespace.xcframework in Frameworks */ = {isa = PBXBuildFile; fileRef = 775DB6352665254D002154AA /* CXNamespace.xcframework */; };
		775DB63F2665254D002154AA /* CXNamespace.xcframework in Embed Frameworks */ = {isa = PBXBuildFile; fileRef = 775DB6352665254D002154AA /* CXNamespace.xcframework */; settings = {ATTRIBUTES = (CodeSignOnCopy, RemoveHeadersOnCopy, ); }; };
/* End PBXBuildFile section */

/* Begin PBXCopyFilesBuildPhase section */
		775DB6402665254D002154AA /* Embed Frameworks */ = {
			isa = PBXCopyFilesBuildPhase;
			buildActionMask = 2147483647;
			dstPath = "";
			dstSubfolderSpec = 10;
			files = (
				775DB6372665254D002154AA /* CXUtility.xcframework in Embed Frameworks */,
				775DB63B2665254D002154AA /* CombineX.xcframework in Embed Frameworks */,
				775DB63F2665254D002154AA /* CXNamespace.xcframework in Embed Frameworks */,
				775DB63D2665254D002154AA /* CXLibc.xcframework in Embed Frameworks */,
				775DB6392665254D002154AA /* CXFoundation.xcframework in Embed Frameworks */,
			);
			name = "Embed Frameworks";
			runOnlyForDeploymentPostprocessing = 0;
		};
/* End PBXCopyFilesBuildPhase section */

/* Begin PBXFileReference section */
		775DB61A266523BF002154AA /* test-carthage.app */ = {isa = PBXFileReference; explicitFileType = wrapper.application; includeInIndex = 0; path = "test-carthage.app"; sourceTree = BUILT_PRODUCTS_DIR; };
		775DB61D266523BF002154AA /* test_carthageApp.swift */ = {isa = PBXFileReference; lastKnownFileType = sourcecode.swift; path = test_carthageApp.swift; sourceTree = "<group>"; };
		775DB61F266523BF002154AA /* ContentView.swift */ = {isa = PBXFileReference; lastKnownFileType = sourcecode.swift; path = ContentView.swift; sourceTree = "<group>"; };
		775DB621266523C1002154AA /* Assets.xcassets */ = {isa = PBXFileReference; lastKnownFileType = folder.assetcatalog; path = Assets.xcassets; sourceTree = "<group>"; };
		775DB624266523C1002154AA /* Preview Assets.xcassets */ = {isa = PBXFileReference; lastKnownFileType = folder.assetcatalog; path = "Preview Assets.xcassets"; sourceTree = "<group>"; };
		775DB626266523C1002154AA /* Info.plist */ = {isa = PBXFileReference; lastKnownFileType = text.plist.xml; path = Info.plist; sourceTree = "<group>"; };
		775DB62D266524F8002154AA /* CXFoundation.framework */ = {isa = PBXFileReference; lastKnownFileType = wrapper.framework; name = CXFoundation.framework; path = "Carthage/Build/CXFoundation.xcframework/ios-arm64_i386_x86_64-simulator/CXFoundation.framework"; sourceTree = "<group>"; };
		775DB6312665254D002154AA /* CXUtility.xcframework */ = {isa = PBXFileReference; lastKnownFileType = wrapper.xcframework; name = CXUtility.xcframework; path = Carthage/Build/CXUtility.xcframework; sourceTree = "<group>"; };
		775DB6322665254D002154AA /* CXFoundation.xcframework */ = {isa = PBXFileReference; lastKnownFileType = wrapper.xcframework; name = CXFoundation.xcframework; path = Carthage/Build/CXFoundation.xcframework; sourceTree = "<group>"; };
		775DB6332665254D002154AA /* CombineX.xcframework */ = {isa = PBXFileReference; lastKnownFileType = wrapper.xcframework; name = CombineX.xcframework; path = Carthage/Build/CombineX.xcframework; sourceTree = "<group>"; };
		775DB6342665254D002154AA /* CXLibc.xcframework */ = {isa = PBXFileReference; lastKnownFileType = wrapper.xcframework; name = CXLibc.xcframework; path = Carthage/Build/CXLibc.xcframework; sourceTree = "<group>"; };
		775DB6352665254D002154AA /* CXNamespace.xcframework */ = {isa = PBXFileReference; lastKnownFileType = wrapper.xcframework; name = CXNamespace.xcframework; path = Carthage/Build/CXNamespace.xcframework; sourceTree = "<group>"; };
/* End PBXFileReference section */

/* Begin PBXFrameworksBuildPhase section */
		775DB617266523BF002154AA /* Frameworks */ = {
			isa = PBXFrameworksBuildPhase;
			buildActionMask = 2147483647;
			files = (
				775DB6362665254D002154AA /* CXUtility.xcframework in Frameworks */,
				775DB63A2665254D002154AA /* CombineX.xcframework in Frameworks */,
				775DB63E2665254D002154AA /* CXNamespace.xcframework in Frameworks */,
				775DB63C2665254D002154AA /* CXLibc.xcframework in Frameworks */,
				775DB6382665254D002154AA /* CXFoundation.xcframework in Frameworks */,
			);
			runOnlyForDeploymentPostprocessing = 0;
		};
/* End PBXFrameworksBuildPhase section */

/* Begin PBXGroup section */
		775DB611266523BF002154AA = {
			isa = PBXGroup;
			children = (
				775DB61C266523BF002154AA /* test-carthage */,
				775DB61B266523BF002154AA /* Products */,
				775DB62C266524F8002154AA /* Frameworks */,
			);
			sourceTree = "<group>";
		};
		775DB61B266523BF002154AA /* Products */ = {
			isa = PBXGroup;
			children = (
				775DB61A266523BF002154AA /* test-carthage.app */,
			);
			name = Products;
			sourceTree = "<group>";
		};
		775DB61C266523BF002154AA /* test-carthage */ = {
			isa = PBXGroup;
			children = (
				775DB61D266523BF002154AA /* test_carthageApp.swift */,
				775DB61F266523BF002154AA /* ContentView.swift */,
				775DB621266523C1002154AA /* Assets.xcassets */,
				775DB626266523C1002154AA /* Info.plist */,
				775DB623266523C1002154AA /* Preview Content */,
			);
			path = "test-carthage";
			sourceTree = "<group>";
		};
		775DB623266523C1002154AA /* Preview Content */ = {
			isa = PBXGroup;
			children = (
				775DB624266523C1002154AA /* Preview Assets.xcassets */,
			);
			path = "Preview Content";
			sourceTree = "<group>";
		};
		775DB62C266524F8002154AA /* Frameworks */ = {
			isa = PBXGroup;
			children = (
				775DB6332665254D002154AA /* CombineX.xcframework */,
				775DB6322665254D002154AA /* CXFoundation.xcframework */,
				775DB6342665254D002154AA /* CXLibc.xcframework */,
				775DB6352665254D002154AA /* CXNamespace.xcframework */,
				775DB6312665254D002154AA /* CXUtility.xcframework */,
				775DB62D266524F8002154AA /* CXFoundation.framework */,
			);
			name = Frameworks;
			sourceTree = "<group>";
		};
/* End PBXGroup section */

/* Begin PBXNativeTarget section */
		775DB619266523BF002154AA /* test-carthage */ = {
			isa = PBXNativeTarget;
			buildConfigurationList = 775DB629266523C1002154AA /* Build configuration list for PBXNativeTarget "test-carthage" */;
			buildPhases = (
				775DB616266523BF002154AA /* Sources */,
				775DB617266523BF002154AA /* Frameworks */,
				775DB618266523BF002154AA /* Resources */,
				775DB6402665254D002154AA /* Embed Frameworks */,
			);
			buildRules = (
			);
			dependencies = (
			);
			name = "test-carthage";
			productName = "test-carthage";
			productReference = 775DB61A266523BF002154AA /* test-carthage.app */;
			productType = "com.apple.product-type.application";
		};
/* End PBXNativeTarget section */

/* Begin PBXProject section */
		775DB612266523BF002154AA /* Project object */ = {
			isa = PBXProject;
			attributes = {
				LastSwiftUpdateCheck = 1250;
				LastUpgradeCheck = 1250;
				TargetAttributes = {
					775DB619266523BF002154AA = {
						CreatedOnToolsVersion = 12.5;
					};
				};
			};
			buildConfigurationList = 775DB615266523BF002154AA /* Build configuration list for PBXProject "test-carthage" */;
			compatibilityVersion = "Xcode 9.3";
			developmentRegion = en;
			hasScannedForEncodings = 0;
			knownRegions = (
				en,
				Base,
			);
			mainGroup = 775DB611266523BF002154AA;
			productRefGroup = 775DB61B266523BF002154AA /* Products */;
			projectDirPath = "";
			projectRoot = "";
			targets = (
				775DB619266523BF002154AA /* test-carthage */,
			);
		};
/* End PBXProject section */

/* Begin PBXResourcesBuildPhase section */
		775DB618266523BF002154AA /* Resources */ = {
			isa = PBXResourcesBuildPhase;
			buildActionMask = 2147483647;
			files = (
				775DB625266523C1002154AA /* Preview Assets.xcassets in Resources */,
				775DB622266523C1002154AA /* Assets.xcassets in Resources */,
			);
			runOnlyForDeploymentPostprocessing = 0;
		};
/* End PBXResourcesBuildPhase section */

/* Begin PBXSourcesBuildPhase section */
		775DB616266523BF002154AA /* Sources */ = {
			isa = PBXSourcesBuildPhase;
			buildActionMask = 2147483647;
			files = (
				775DB620266523BF002154AA /* ContentView.swift in Sources */,
				775DB61E266523BF002154AA /* test_carthageApp.swift in Sources */,
			);
			runOnlyForDeploymentPostprocessing = 0;
		};
/* End PBXSourcesBuildPhase section */

/* Begin XCBuildConfiguration section */
		775DB627266523C1002154AA /* Debug */ = {
			isa = XCBuildConfiguration;
			buildSettings = {
				ALWAYS_SEARCH_USER_PATHS = NO;
				CLANG_ANALYZER_NONNULL = YES;
				CLANG_ANALYZER_NUMBER_OBJECT_CONVERSION = YES_AGGRESSIVE;
				CLANG_CXX_LANGUAGE_STANDARD = "gnu++14";
				CLANG_CXX_LIBRARY = "libc++";
				CLANG_ENABLE_MODULES = YES;
				CLANG_ENABLE_OBJC_ARC = YES;
				CLANG_ENABLE_OBJC_WEAK = YES;
				CLANG_WARN_BLOCK_CAPTURE_AUTORELEASING = YES;
				CLANG_WARN_BOOL_CONVERSION = YES;
				CLANG_WARN_COMMA = YES;
				CLANG_WARN_CONSTANT_CONVERSION = YES;
				CLANG_WARN_DEPRECATED_OBJC_IMPLEMENTATIONS = YES;
				CLANG_WARN_DIRECT_OBJC_ISA_USAGE = YES_ERROR;
				CLANG_WARN_DOCUMENTATION_COMMENTS = YES;
				CLANG_WARN_EMPTY_BODY = YES;
				CLANG_WARN_ENUM_CONVERSION = YES;
				CLANG_WARN_INFINITE_RECURSION = YES;
				CLANG_WARN_INT_CONVERSION = YES;
				CLANG_WARN_NON_LITERAL_NULL_CONVERSION = YES;
				CLANG_WARN_OBJC_IMPLICIT_RETAIN_SELF = YES;
				CLANG_WARN_OBJC_LITERAL_CONVERSION = YES;
				CLANG_WARN_OBJC_ROOT_CLASS = YES_ERROR;
				CLANG_WARN_QUOTED_INCLUDE_IN_FRAMEWORK_HEADER = YES;
				CLANG_WARN_RANGE_LOOP_ANALYSIS = YES;
				CLANG_WARN_STRICT_PROTOTYPES = YES;
				CLANG_WARN_SUSPICIOUS_MOVE = YES;
				CLANG_WARN_UNGUARDED_AVAILABILITY = YES_AGGRESSIVE;
				CLANG_WARN_UNREACHABLE_CODE = YES;
				CLANG_WARN__DUPLICATE_METHOD_MATCH = YES;
				COPY_PHASE_STRIP = NO;
				DEBUG_INFORMATION_FORMAT = dwarf;
				ENABLE_STRICT_OBJC_MSGSEND = YES;
				ENABLE_TESTABILITY = YES;
				GCC_C_LANGUAGE_STANDARD = gnu11;
				GCC_DYNAMIC_NO_PIC = NO;
				GCC_NO_COMMON_BLOCKS = YES;
				GCC_OPTIMIZATION_LEVEL = 0;
				GCC_PREPROCESSOR_DEFINITIONS = (
					"DEBUG=1",
					"$(inherited)",
				);
				GCC_WARN_64_TO_32_BIT_CONVERSION = YES;
				GCC_WARN_ABOUT_RETURN_TYPE = YES_ERROR;
				GCC_WARN_UNDECLARED_SELECTOR = YES;
				GCC_WARN_UNINITIALIZED_AUTOS = YES_AGGRESSIVE;
				GCC_WARN_UNUSED_FUNCTION = YES;
				GCC_WARN_UNUSED_VARIABLE = YES;
				IPHONEOS_DEPLOYMENT_TARGET = 14.5;
				MTL_ENABLE_DEBUG_INFO = INCLUDE_SOURCE;
				MTL_FAST_MATH = YES;
				ONLY_ACTIVE_ARCH = YES;
				SDKROOT = iphoneos;
				SWIFT_ACTIVE_COMPILATION_CONDITIONS = DEBUG;
				SWIFT_OPTIMIZATION_LEVEL = "-Onone";
			};
			name = Debug;
		};
		775DB628266523C1002154AA /* Release */ = {
			isa = XCBuildConfiguration;
			buildSettings = {
				ALWAYS_SEARCH_USER_PATHS = NO;
				CLANG_ANALYZER_NONNULL = YES;
				CLANG_ANALYZER_NUMBER_OBJECT_CONVERSION = YES_AGGRESSIVE;
				CLANG_CXX_LANGUAGE_STANDARD = "gnu++14";
				CLANG_CXX_LIBRARY = "libc++";
				CLANG_ENABLE_MODULES = YES;
				CLANG_ENABLE_OBJC_ARC = YES;
				CLANG_ENABLE_OBJC_WEAK = YES;
				CLANG_WARN_BLOCK_CAPTURE_AUTORELEASING = YES;
				CLANG_WARN_BOOL_CONVERSION = YES;
				CLANG_WARN_COMMA = YES;
				CLANG_WARN_CONSTANT_CONVERSION = YES;
				CLANG_WARN_DEPRECATED_OBJC_IMPLEMENTATIONS = YES;
				CLANG_WARN_DIRECT_OBJC_ISA_USAGE = YES_ERROR;
				CLANG_WARN_DOCUMENTATION_COMMENTS = YES;
				CLANG_WARN_EMPTY_BODY = YES;
				CLANG_WARN_ENUM_CONVERSION = YES;
				CLANG_WARN_INFINITE_RECURSION = YES;
				CLANG_WARN_INT_CONVERSION = YES;
				CLANG_WARN_NON_LITERAL_NULL_CONVERSION = YES;
				CLANG_WARN_OBJC_IMPLICIT_RETAIN_SELF = YES;
				CLANG_WARN_OBJC_LITERAL_CONVERSION = YES;
				CLANG_WARN_OBJC_ROOT_CLASS = YES_ERROR;
				CLANG_WARN_QUOTED_INCLUDE_IN_FRAMEWORK_HEADER = YES;
				CLANG_WARN_RANGE_LOOP_ANALYSIS = YES;
				CLANG_WARN_STRICT_PROTOTYPES = YES;
				CLANG_WARN_SUSPICIOUS_MOVE = YES;
				CLANG_WARN_UNGUARDED_AVAILABILITY = YES_AGGRESSIVE;
				CLANG_WARN_UNREACHABLE_CODE = YES;
				CLANG_WARN__DUPLICATE_METHOD_MATCH = YES;
				COPY_PHASE_STRIP = NO;
				DEBUG_INFORMATION_FORMAT = "dwarf-with-dsym";
				ENABLE_NS_ASSERTIONS = NO;
				ENABLE_STRICT_OBJC_MSGSEND = YES;
				GCC_C_LANGUAGE_STANDARD = gnu11;
				GCC_NO_COMMON_BLOCKS = YES;
				GCC_WARN_64_TO_32_BIT_CONVERSION = YES;
				GCC_WARN_ABOUT_RETURN_TYPE = YES_ERROR;
				GCC_WARN_UNDECLARED_SELECTOR = YES;
				GCC_WARN_UNINITIALIZED_AUTOS = YES_AGGRESSIVE;
				GCC_WARN_UNUSED_FUNCTION = YES;
				GCC_WARN_UNUSED_VARIABLE = YES;
				IPHONEOS_DEPLOYMENT_TARGET = 14.5;
				MTL_ENABLE_DEBUG_INFO = NO;
				MTL_FAST_MATH = YES;
				SDKROOT = iphoneos;
				SWIFT_COMPILATION_MODE = wholemodule;
				SWIFT_OPTIMIZATION_LEVEL = "-O";
				VALIDATE_PRODUCT = YES;
			};
			name = Release;
		};
		775DB62A266523C1002154AA /* Debug */ = {
			isa = XCBuildConfiguration;
			buildSettings = {
				ASSETCATALOG_COMPILER_APPICON_NAME = AppIcon;
				ASSETCATALOG_COMPILER_GLOBAL_ACCENT_COLOR_NAME = AccentColor;
				CODE_SIGN_STYLE = Automatic;
				DEVELOPMENT_ASSET_PATHS = "\"test-carthage/Preview Content\"";
				DEVELOPMENT_TEAM = 577MKWCJN8;
				ENABLE_PREVIEWS = YES;
				FRAMEWORK_SEARCH_PATHS = (
					"$(inherited)",
					"$(PROJECT_DIR)/Carthage/Build/CXFoundation.xcframework/ios-arm64_i386_x86_64-simulator",
				);
				INFOPLIST_FILE = "test-carthage/Info.plist";
				IPHONEOS_DEPLOYMENT_TARGET = 14.0;
				LD_RUNPATH_SEARCH_PATHS = (
					"$(inherited)",
					"@executable_path/Frameworks",
				);
				PRODUCT_BUNDLE_IDENTIFIER = "com.v2ambition.test-carthage";
				PRODUCT_NAME = "$(TARGET_NAME)";
				SWIFT_VERSION = 5.0;
				TARGETED_DEVICE_FAMILY = "1,2";
			};
			name = Debug;
		};
		775DB62B266523C1002154AA /* Release */ = {
			isa = XCBuildConfiguration;
			buildSettings = {
				ASSETCATALOG_COMPILER_APPICON_NAME = AppIcon;
				ASSETCATALOG_COMPILER_GLOBAL_ACCENT_COLOR_NAME = AccentColor;
				CODE_SIGN_STYLE = Automatic;
				DEVELOPMENT_ASSET_PATHS = "\"test-carthage/Preview Content\"";
				DEVELOPMENT_TEAM = 577MKWCJN8;
				ENABLE_PREVIEWS = YES;
				FRAMEWORK_SEARCH_PATHS = (
					"$(inherited)",
					"$(PROJECT_DIR)/Carthage/Build/CXFoundation.xcframework/ios-arm64_i386_x86_64-simulator",
				);
				INFOPLIST_FILE = "test-carthage/Info.plist";
				IPHONEOS_DEPLOYMENT_TARGET = 14.0;
				LD_RUNPATH_SEARCH_PATHS = (
					"$(inherited)",
					"@executable_path/Frameworks",
				);
				PRODUCT_BUNDLE_IDENTIFIER = "com.v2ambition.test-carthage";
				PRODUCT_NAME = "$(TARGET_NAME)";
				SWIFT_VERSION = 5.0;
				TARGETED_DEVICE_FAMILY = "1,2";
			};
			name = Release;
		};
/* End XCBuildConfiguration section */

/* Begin XCConfigurationList section */
		775DB615266523BF002154AA /* Build configuration list for PBXProject "test-carthage" */ = {
			isa = XCConfigurationList;
			buildConfigurations = (
				775DB627266523C1002154AA /* Debug */,
				775DB628266523C1002154AA /* Release */,
			);
			defaultConfigurationIsVisible = 0;
			defaultConfigurationName = Release;
		};
		775DB629266523C1002154AA /* Build configuration list for PBXNativeTarget "test-carthage" */ = {
			isa = XCConfigurationList;
			buildConfigurations = (
				775DB62A266523C1002154AA /* Debug */,
				775DB62B266523C1002154AA /* Release */,
			);
			defaultConfigurationIsVisible = 0;
			defaultConfigurationName = Release;
		};
/* End XCConfigurationList section */
	};
	rootObject = 775DB612266523BF002154AA /* Project object */;
}
